// !$*UTF8*$!
{
	archiveVersion = 1;
	classes = {
	};
	objectVersion = 56;
	objects = {

/* Begin PBXBuildFile section */
		91487EC229FC380A009CFECF /* AppDelegate.swift in Sources */ = {isa = PBXBuildFile; fileRef = 91487EC129FC380A009CFECF /* AppDelegate.swift */; };
		91487EC429FC380A009CFECF /* SceneDelegate.swift in Sources */ = {isa = PBXBuildFile; fileRef = 91487EC329FC380A009CFECF /* SceneDelegate.swift */; };
		91487EC629FC380A009CFECF /* SignInViewController.swift in Sources */ = {isa = PBXBuildFile; fileRef = 91487EC529FC380A009CFECF /* SignInViewController.swift */; };
		91487ECB29FC380C009CFECF /* Assets.xcassets in Resources */ = {isa = PBXBuildFile; fileRef = 91487ECA29FC380C009CFECF /* Assets.xcassets */; };
		91487ECE29FC380C009CFECF /* LaunchScreen.storyboard in Resources */ = {isa = PBXBuildFile; fileRef = 91487ECC29FC380C009CFECF /* LaunchScreen.storyboard */; };
		91487ED729FC38CC009CFECF /* SnapKit in Frameworks */ = {isa = PBXBuildFile; productRef = 91487ED629FC38CC009CFECF /* SnapKit */; };
		91487EDA29FC3921009CFECF /* Moya in Frameworks */ = {isa = PBXBuildFile; productRef = 91487ED929FC3921009CFECF /* Moya */; };
		91487EE829FC3A19009CFECF /* SignUpViewController.swift in Sources */ = {isa = PBXBuildFile; fileRef = 91487EE729FC3A19009CFECF /* SignUpViewController.swift */; };
		91487EED29FC3A3E009CFECF /* SubscribePostsViewController.swift in Sources */ = {isa = PBXBuildFile; fileRef = 91487EEC29FC3A3E009CFECF /* SubscribePostsViewController.swift */; };
		91487EEF29FC3A4D009CFECF /* MyPageViewController.swift in Sources */ = {isa = PBXBuildFile; fileRef = 91487EEE29FC3A4D009CFECF /* MyPageViewController.swift */; };
		91487EF229FC3AAE009CFECF /* BaseViewController.swift in Sources */ = {isa = PBXBuildFile; fileRef = 91487EF129FC3AAE009CFECF /* BaseViewController.swift */; };
		91487EF429FC3AD8009CFECF /* BaseUIView.swift in Sources */ = {isa = PBXBuildFile; fileRef = 91487EF329FC3AD8009CFECF /* BaseUIView.swift */; };
		91487EF629FC3AEF009CFECF /* BaseTableViewCell.swift in Sources */ = {isa = PBXBuildFile; fileRef = 91487EF529FC3AEF009CFECF /* BaseTableViewCell.swift */; };
		91487EF829FC3B01009CFECF /* BaseCollectionViewCell.swift in Sources */ = {isa = PBXBuildFile; fileRef = 91487EF729FC3B01009CFECF /* BaseCollectionViewCell.swift */; };
		91487EFB29FC3B6A009CFECF /* UIColor+Extension.swift in Sources */ = {isa = PBXBuildFile; fileRef = 91487EFA29FC3B6A009CFECF /* UIColor+Extension.swift */; };
		91487EFE29FC3BD0009CFECF /* ImageLiterals.swift in Sources */ = {isa = PBXBuildFile; fileRef = 91487EFD29FC3BD0009CFECF /* ImageLiterals.swift */; };
		91487F0029FC3BFE009CFECF /* TextLiterals.swift in Sources */ = {isa = PBXBuildFile; fileRef = 91487EFF29FC3BFE009CFECF /* TextLiterals.swift */; };
		91487F0229FC3C16009CFECF /* SizeLiterals.swift in Sources */ = {isa = PBXBuildFile; fileRef = 91487F0129FC3C16009CFECF /* SizeLiterals.swift */; };
		91487F0B29FC45E9009CFECF /* PostsTableViewCell.swift in Sources */ = {isa = PBXBuildFile; fileRef = 91487F0A29FC45E9009CFECF /* PostsTableViewCell.swift */; };
		91487F0E29FC4656009CFECF /* Kingfisher in Frameworks */ = {isa = PBXBuildFile; productRef = 91487F0D29FC4656009CFECF /* Kingfisher */; };
		91487F1029FC4736009CFECF /* UIStackView+Extension.swift in Sources */ = {isa = PBXBuildFile; fileRef = 91487F0F29FC4736009CFECF /* UIStackView+Extension.swift */; };
		91487F1229FC47CE009CFECF /* UIView+Extension.swift in Sources */ = {isa = PBXBuildFile; fileRef = 91487F1129FC47CE009CFECF /* UIView+Extension.swift */; };
		91487F1429FC489C009CFECF /* PostsTableView.swift in Sources */ = {isa = PBXBuildFile; fileRef = 91487F1329FC489C009CFECF /* PostsTableView.swift */; };
		91487F1729FC5481009CFECF /* NetworkMonitor.swift in Sources */ = {isa = PBXBuildFile; fileRef = 91487F1629FC5481009CFECF /* NetworkMonitor.swift */; };
		91487F1929FC549C009CFECF /* NoNetworkView.swift in Sources */ = {isa = PBXBuildFile; fileRef = 91487F1829FC549C009CFECF /* NoNetworkView.swift */; };
		91487F1C29FC598D009CFECF /* ListTableViewCell.swift in Sources */ = {isa = PBXBuildFile; fileRef = 91487F1B29FC598D009CFECF /* ListTableViewCell.swift */; };
		91487F1E29FC5A49009CFECF /* ListTableView.swift in Sources */ = {isa = PBXBuildFile; fileRef = 91487F1D29FC5A49009CFECF /* ListTableView.swift */; };
		91487F2029FC5BCC009CFECF /* SubsciberListViewController.swift in Sources */ = {isa = PBXBuildFile; fileRef = 91487F1F29FC5BCC009CFECF /* SubsciberListViewController.swift */; };
		91487F2229FC5F2A009CFECF /* TabBarController.swift in Sources */ = {isa = PBXBuildFile; fileRef = 91487F2129FC5F2A009CFECF /* TabBarController.swift */; };
		91487F2529FC5F7C009CFECF /* NotificationViewController.swift in Sources */ = {isa = PBXBuildFile; fileRef = 91487F2429FC5F7C009CFECF /* NotificationViewController.swift */; };
		91487F2829FD0641009CFECF /* Tabman in Frameworks */ = {isa = PBXBuildFile; productRef = 91487F2729FD0641009CFECF /* Tabman */; };
		91487F2A29FD0693009CFECF /* PostsTabManViewController.swift in Sources */ = {isa = PBXBuildFile; fileRef = 91487F2929FD0693009CFECF /* PostsTabManViewController.swift */; };
		91487F2D29FD0812009CFECF /* SubscriberSearchViewController.swift in Sources */ = {isa = PBXBuildFile; fileRef = 91487F2C29FD0812009CFECF /* SubscriberSearchViewController.swift */; };
		91487F2F29FD1A67009CFECF /* SubscriberSearchView.swift in Sources */ = {isa = PBXBuildFile; fileRef = 91487F2E29FD1A66009CFECF /* SubscriberSearchView.swift */; };
		91487F3529FD2ACE009CFECF /* ListTableHeaderView.swift in Sources */ = {isa = PBXBuildFile; fileRef = 91487F3429FD2ACE009CFECF /* ListTableHeaderView.swift */; };
/* End PBXBuildFile section */

/* Begin PBXFileReference section */
		91487EBE29FC380A009CFECF /* VelogOnMobile.app */ = {isa = PBXFileReference; explicitFileType = wrapper.application; includeInIndex = 0; path = VelogOnMobile.app; sourceTree = BUILT_PRODUCTS_DIR; };
		91487EC129FC380A009CFECF /* AppDelegate.swift */ = {isa = PBXFileReference; lastKnownFileType = sourcecode.swift; path = AppDelegate.swift; sourceTree = "<group>"; };
		91487EC329FC380A009CFECF /* SceneDelegate.swift */ = {isa = PBXFileReference; lastKnownFileType = sourcecode.swift; path = SceneDelegate.swift; sourceTree = "<group>"; };
		91487EC529FC380A009CFECF /* SignInViewController.swift */ = {isa = PBXFileReference; lastKnownFileType = sourcecode.swift; path = SignInViewController.swift; sourceTree = "<group>"; };
		91487ECA29FC380C009CFECF /* Assets.xcassets */ = {isa = PBXFileReference; lastKnownFileType = folder.assetcatalog; path = Assets.xcassets; sourceTree = "<group>"; };
		91487ECD29FC380C009CFECF /* Base */ = {isa = PBXFileReference; lastKnownFileType = file.storyboard; name = Base; path = Base.lproj/LaunchScreen.storyboard; sourceTree = "<group>"; };
		91487ECF29FC380C009CFECF /* Info.plist */ = {isa = PBXFileReference; lastKnownFileType = text.plist.xml; path = Info.plist; sourceTree = "<group>"; };
		91487EE729FC3A19009CFECF /* SignUpViewController.swift */ = {isa = PBXFileReference; lastKnownFileType = sourcecode.swift; path = SignUpViewController.swift; sourceTree = "<group>"; };
		91487EEC29FC3A3E009CFECF /* SubscribePostsViewController.swift */ = {isa = PBXFileReference; lastKnownFileType = sourcecode.swift; path = SubscribePostsViewController.swift; sourceTree = "<group>"; };
		91487EEE29FC3A4D009CFECF /* MyPageViewController.swift */ = {isa = PBXFileReference; lastKnownFileType = sourcecode.swift; path = MyPageViewController.swift; sourceTree = "<group>"; };
		91487EF129FC3AAE009CFECF /* BaseViewController.swift */ = {isa = PBXFileReference; lastKnownFileType = sourcecode.swift; path = BaseViewController.swift; sourceTree = "<group>"; };
		91487EF329FC3AD8009CFECF /* BaseUIView.swift */ = {isa = PBXFileReference; lastKnownFileType = sourcecode.swift; path = BaseUIView.swift; sourceTree = "<group>"; };
		91487EF529FC3AEF009CFECF /* BaseTableViewCell.swift */ = {isa = PBXFileReference; lastKnownFileType = sourcecode.swift; path = BaseTableViewCell.swift; sourceTree = "<group>"; };
		91487EF729FC3B01009CFECF /* BaseCollectionViewCell.swift */ = {isa = PBXFileReference; lastKnownFileType = sourcecode.swift; path = BaseCollectionViewCell.swift; sourceTree = "<group>"; };
		91487EFA29FC3B6A009CFECF /* UIColor+Extension.swift */ = {isa = PBXFileReference; lastKnownFileType = sourcecode.swift; path = "UIColor+Extension.swift"; sourceTree = "<group>"; };
		91487EFD29FC3BD0009CFECF /* ImageLiterals.swift */ = {isa = PBXFileReference; lastKnownFileType = sourcecode.swift; path = ImageLiterals.swift; sourceTree = "<group>"; };
		91487EFF29FC3BFE009CFECF /* TextLiterals.swift */ = {isa = PBXFileReference; lastKnownFileType = sourcecode.swift; path = TextLiterals.swift; sourceTree = "<group>"; };
		91487F0129FC3C16009CFECF /* SizeLiterals.swift */ = {isa = PBXFileReference; lastKnownFileType = sourcecode.swift; path = SizeLiterals.swift; sourceTree = "<group>"; };
		91487F0A29FC45E9009CFECF /* PostsTableViewCell.swift */ = {isa = PBXFileReference; lastKnownFileType = sourcecode.swift; path = PostsTableViewCell.swift; sourceTree = "<group>"; };
		91487F0F29FC4736009CFECF /* UIStackView+Extension.swift */ = {isa = PBXFileReference; lastKnownFileType = sourcecode.swift; path = "UIStackView+Extension.swift"; sourceTree = "<group>"; };
		91487F1129FC47CE009CFECF /* UIView+Extension.swift */ = {isa = PBXFileReference; lastKnownFileType = sourcecode.swift; path = "UIView+Extension.swift"; sourceTree = "<group>"; };
		91487F1329FC489C009CFECF /* PostsTableView.swift */ = {isa = PBXFileReference; lastKnownFileType = sourcecode.swift; path = PostsTableView.swift; sourceTree = "<group>"; };
		91487F1629FC5481009CFECF /* NetworkMonitor.swift */ = {isa = PBXFileReference; lastKnownFileType = sourcecode.swift; path = NetworkMonitor.swift; sourceTree = "<group>"; };
		91487F1829FC549C009CFECF /* NoNetworkView.swift */ = {isa = PBXFileReference; lastKnownFileType = sourcecode.swift; path = NoNetworkView.swift; sourceTree = "<group>"; };
		91487F1B29FC598D009CFECF /* ListTableViewCell.swift */ = {isa = PBXFileReference; lastKnownFileType = sourcecode.swift; path = ListTableViewCell.swift; sourceTree = "<group>"; };
		91487F1D29FC5A49009CFECF /* ListTableView.swift */ = {isa = PBXFileReference; lastKnownFileType = sourcecode.swift; path = ListTableView.swift; sourceTree = "<group>"; };
		91487F1F29FC5BCC009CFECF /* SubsciberListViewController.swift */ = {isa = PBXFileReference; lastKnownFileType = sourcecode.swift; path = SubsciberListViewController.swift; sourceTree = "<group>"; };
		91487F2129FC5F2A009CFECF /* TabBarController.swift */ = {isa = PBXFileReference; lastKnownFileType = sourcecode.swift; path = TabBarController.swift; sourceTree = "<group>"; };
		91487F2429FC5F7C009CFECF /* NotificationViewController.swift */ = {isa = PBXFileReference; lastKnownFileType = sourcecode.swift; path = NotificationViewController.swift; sourceTree = "<group>"; };
		91487F2929FD0693009CFECF /* PostsTabManViewController.swift */ = {isa = PBXFileReference; lastKnownFileType = sourcecode.swift; path = PostsTabManViewController.swift; sourceTree = "<group>"; };
		91487F2C29FD0812009CFECF /* SubscriberSearchViewController.swift */ = {isa = PBXFileReference; lastKnownFileType = sourcecode.swift; path = SubscriberSearchViewController.swift; sourceTree = "<group>"; };
		91487F2E29FD1A66009CFECF /* SubscriberSearchView.swift */ = {isa = PBXFileReference; lastKnownFileType = sourcecode.swift; path = SubscriberSearchView.swift; sourceTree = "<group>"; };
		91487F3429FD2ACE009CFECF /* ListTableHeaderView.swift */ = {isa = PBXFileReference; lastKnownFileType = sourcecode.swift; path = ListTableHeaderView.swift; sourceTree = "<group>"; };
/* End PBXFileReference section */

/* Begin PBXFrameworksBuildPhase section */
		91487EBB29FC380A009CFECF /* Frameworks */ = {
			isa = PBXFrameworksBuildPhase;
			buildActionMask = 2147483647;
			files = (
				91487F0E29FC4656009CFECF /* Kingfisher in Frameworks */,
				91487F2829FD0641009CFECF /* Tabman in Frameworks */,
				91487EDA29FC3921009CFECF /* Moya in Frameworks */,
				91487ED729FC38CC009CFECF /* SnapKit in Frameworks */,
			);
			runOnlyForDeploymentPostprocessing = 0;
		};
/* End PBXFrameworksBuildPhase section */

/* Begin PBXGroup section */
		91487EB529FC380A009CFECF = {
			isa = PBXGroup;
			children = (
				91487EC029FC380A009CFECF /* VelogOnMobile */,
				91487EBF29FC380A009CFECF /* Products */,
			);
			sourceTree = "<group>";
		};
		91487EBF29FC380A009CFECF /* Products */ = {
			isa = PBXGroup;
			children = (
				91487EBE29FC380A009CFECF /* VelogOnMobile.app */,
			);
			name = Products;
			sourceTree = "<group>";
		};
		91487EC029FC380A009CFECF /* VelogOnMobile */ = {
			isa = PBXGroup;
			children = (
				91487EDB29FC392F009CFECF /* Domain */,
				91487EDE29FC3946009CFECF /* Presentation */,
				91487EDF29FC3950009CFECF /* Global */,
			);
			path = VelogOnMobile;
			sourceTree = "<group>";
		};
		91487EDB29FC392F009CFECF /* Domain */ = {
			isa = PBXGroup;
			children = (
				91487EDC29FC3936009CFECF /* Model */,
				91487EDD29FC393B009CFECF /* Usecase */,
			);
			path = Domain;
			sourceTree = "<group>";
		};
		91487EDC29FC3936009CFECF /* Model */ = {
			isa = PBXGroup;
			children = (
			);
			path = Model;
			sourceTree = "<group>";
		};
		91487EDD29FC393B009CFECF /* Usecase */ = {
			isa = PBXGroup;
			children = (
			);
			path = Usecase;
			sourceTree = "<group>";
		};
		91487EDE29FC3946009CFECF /* Presentation */ = {
			isa = PBXGroup;
			children = (
				91487F2129FC5F2A009CFECF /* TabBarController.swift */,
				91487EE229FC39AF009CFECF /* SignIn */,
				91487EE329FC39BB009CFECF /* SignUp */,
				91487EE529FC39D8009CFECF /* Posts */,
				91487EE429FC39C3009CFECF /* List */,
				91487F2329FC5F65009CFECF /* Notification */,
				91487EE629FC39E8009CFECF /* MyPage */,
			);
			path = Presentation;
			sourceTree = "<group>";
		};
		91487EDF29FC3950009CFECF /* Global */ = {
			isa = PBXGroup;
			children = (
				91487F1529FC5463009CFECF /* NetworkMonitor */,
				91487EFC29FC3BBC009CFECF /* Literal */,
				91487EF029FC3AA3009CFECF /* Base */,
				91487EE129FC399E009CFECF /* Resource */,
				91487EE029FC395D009CFECF /* Supports */,
			);
			path = Global;
			sourceTree = "<group>";
		};
		91487EE029FC395D009CFECF /* Supports */ = {
			isa = PBXGroup;
			children = (
				91487ECC29FC380C009CFECF /* LaunchScreen.storyboard */,
				91487EC329FC380A009CFECF /* SceneDelegate.swift */,
				91487EC129FC380A009CFECF /* AppDelegate.swift */,
				91487ECF29FC380C009CFECF /* Info.plist */,
			);
			path = Supports;
			sourceTree = "<group>";
		};
		91487EE129FC399E009CFECF /* Resource */ = {
			isa = PBXGroup;
			children = (
				91487ECA29FC380C009CFECF /* Assets.xcassets */,
			);
			path = Resource;
			sourceTree = "<group>";
		};
		91487EE229FC39AF009CFECF /* SignIn */ = {
			isa = PBXGroup;
			children = (
				91487EC529FC380A009CFECF /* SignInViewController.swift */,
			);
			path = SignIn;
			sourceTree = "<group>";
		};
		91487EE329FC39BB009CFECF /* SignUp */ = {
			isa = PBXGroup;
			children = (
				91487EE729FC3A19009CFECF /* SignUpViewController.swift */,
			);
			path = SignUp;
			sourceTree = "<group>";
		};
		91487EE429FC39C3009CFECF /* List */ = {
			isa = PBXGroup;
			children = (
				91487F1A29FC5950009CFECF /* SubscriberList */,
				91487F2B29FD07F7009CFECF /* SubscriberSearch */,
			);
			path = List;
			sourceTree = "<group>";
		};
		91487EE529FC39D8009CFECF /* Posts */ = {
			isa = PBXGroup;
			children = (
				91487F2929FD0693009CFECF /* PostsTabManViewController.swift */,
				91487F0929FC45AD009CFECF /* SubscriberPosts */,
			);
			path = Posts;
			sourceTree = "<group>";
		};
		91487EE629FC39E8009CFECF /* MyPage */ = {
			isa = PBXGroup;
			children = (
				91487EEE29FC3A4D009CFECF /* MyPageViewController.swift */,
			);
			path = MyPage;
			sourceTree = "<group>";
		};
		91487EF029FC3AA3009CFECF /* Base */ = {
			isa = PBXGroup;
			children = (
				91487EF929FC3B28009CFECF /* Extension */,
				91487EF129FC3AAE009CFECF /* BaseViewController.swift */,
				91487EF329FC3AD8009CFECF /* BaseUIView.swift */,
				91487EF529FC3AEF009CFECF /* BaseTableViewCell.swift */,
				91487EF729FC3B01009CFECF /* BaseCollectionViewCell.swift */,
			);
			path = Base;
			sourceTree = "<group>";
		};
		91487EF929FC3B28009CFECF /* Extension */ = {
			isa = PBXGroup;
			children = (
				91487EFA29FC3B6A009CFECF /* UIColor+Extension.swift */,
				91487F0F29FC4736009CFECF /* UIStackView+Extension.swift */,
				91487F1129FC47CE009CFECF /* UIView+Extension.swift */,
			);
			path = Extension;
			sourceTree = "<group>";
		};
		91487EFC29FC3BBC009CFECF /* Literal */ = {
			isa = PBXGroup;
			children = (
				91487EFD29FC3BD0009CFECF /* ImageLiterals.swift */,
				91487EFF29FC3BFE009CFECF /* TextLiterals.swift */,
				91487F0129FC3C16009CFECF /* SizeLiterals.swift */,
			);
			path = Literal;
			sourceTree = "<group>";
		};
		91487F0929FC45AD009CFECF /* SubscriberPosts */ = {
			isa = PBXGroup;
			children = (
				91487EEC29FC3A3E009CFECF /* SubscribePostsViewController.swift */,
				91487F1329FC489C009CFECF /* PostsTableView.swift */,
				91487F0A29FC45E9009CFECF /* PostsTableViewCell.swift */,
			);
			path = SubscriberPosts;
			sourceTree = "<group>";
		};
		91487F1529FC5463009CFECF /* NetworkMonitor */ = {
			isa = PBXGroup;
			children = (
				91487F1629FC5481009CFECF /* NetworkMonitor.swift */,
				91487F1829FC549C009CFECF /* NoNetworkView.swift */,
			);
			path = NetworkMonitor;
			sourceTree = "<group>";
		};
		91487F1A29FC5950009CFECF /* SubscriberList */ = {
			isa = PBXGroup;
			children = (
				91487F1F29FC5BCC009CFECF /* SubsciberListViewController.swift */,
				91487F3429FD2ACE009CFECF /* ListTableHeaderView.swift */,
				91487F1D29FC5A49009CFECF /* ListTableView.swift */,
				91487F1B29FC598D009CFECF /* ListTableViewCell.swift */,
			);
			path = SubscriberList;
			sourceTree = "<group>";
		};
		91487F2329FC5F65009CFECF /* Notification */ = {
			isa = PBXGroup;
			children = (
				91487F2429FC5F7C009CFECF /* NotificationViewController.swift */,
			);
			path = Notification;
			sourceTree = "<group>";
		};
		91487F2B29FD07F7009CFECF /* SubscriberSearch */ = {
			isa = PBXGroup;
			children = (
				91487F2C29FD0812009CFECF /* SubscriberSearchViewController.swift */,
				91487F2E29FD1A66009CFECF /* SubscriberSearchView.swift */,
			);
			path = SubscriberSearch;
			sourceTree = "<group>";
		};
/* End PBXGroup section */

/* Begin PBXNativeTarget section */
		91487EBD29FC380A009CFECF /* VelogOnMobile */ = {
			isa = PBXNativeTarget;
			buildConfigurationList = 91487ED229FC380C009CFECF /* Build configuration list for PBXNativeTarget "VelogOnMobile" */;
			buildPhases = (
				91487EBA29FC380A009CFECF /* Sources */,
				91487EBB29FC380A009CFECF /* Frameworks */,
				91487EBC29FC380A009CFECF /* Resources */,
			);
			buildRules = (
			);
			dependencies = (
			);
			name = VelogOnMobile;
			packageProductDependencies = (
				91487ED629FC38CC009CFECF /* SnapKit */,
				91487ED929FC3921009CFECF /* Moya */,
				91487F0D29FC4656009CFECF /* Kingfisher */,
				91487F2729FD0641009CFECF /* Tabman */,
			);
			productName = VelogOnMobile;
			productReference = 91487EBE29FC380A009CFECF /* VelogOnMobile.app */;
			productType = "com.apple.product-type.application";
		};
/* End PBXNativeTarget section */

/* Begin PBXProject section */
		91487EB629FC380A009CFECF /* Project object */ = {
			isa = PBXProject;
			attributes = {
				BuildIndependentTargetsInParallel = 1;
				LastSwiftUpdateCheck = 1420;
				LastUpgradeCheck = 1420;
				TargetAttributes = {
					91487EBD29FC380A009CFECF = {
						CreatedOnToolsVersion = 14.2;
					};
				};
			};
			buildConfigurationList = 91487EB929FC380A009CFECF /* Build configuration list for PBXProject "VelogOnMobile" */;
			compatibilityVersion = "Xcode 14.0";
			developmentRegion = en;
			hasScannedForEncodings = 0;
			knownRegions = (
				en,
				Base,
			);
			mainGroup = 91487EB529FC380A009CFECF;
			packageReferences = (
				91487ED529FC38CC009CFECF /* XCRemoteSwiftPackageReference "SnapKit" */,
				91487ED829FC3921009CFECF /* XCRemoteSwiftPackageReference "Moya" */,
				91487F0C29FC4656009CFECF /* XCRemoteSwiftPackageReference "Kingfisher" */,
				91487F2629FD0641009CFECF /* XCRemoteSwiftPackageReference "Tabman" */,
			);
			productRefGroup = 91487EBF29FC380A009CFECF /* Products */;
			projectDirPath = "";
			projectRoot = "";
			targets = (
				91487EBD29FC380A009CFECF /* VelogOnMobile */,
			);
		};
/* End PBXProject section */

/* Begin PBXResourcesBuildPhase section */
		91487EBC29FC380A009CFECF /* Resources */ = {
			isa = PBXResourcesBuildPhase;
			buildActionMask = 2147483647;
			files = (
				91487ECE29FC380C009CFECF /* LaunchScreen.storyboard in Resources */,
				91487ECB29FC380C009CFECF /* Assets.xcassets in Resources */,
			);
			runOnlyForDeploymentPostprocessing = 0;
		};
/* End PBXResourcesBuildPhase section */

/* Begin PBXSourcesBuildPhase section */
		91487EBA29FC380A009CFECF /* Sources */ = {
			isa = PBXSourcesBuildPhase;
			buildActionMask = 2147483647;
			files = (
				91487EC629FC380A009CFECF /* SignInViewController.swift in Sources */,
				91487EC229FC380A009CFECF /* AppDelegate.swift in Sources */,
				91487F1029FC4736009CFECF /* UIStackView+Extension.swift in Sources */,
				91487EEF29FC3A4D009CFECF /* MyPageViewController.swift in Sources */,
				91487EFB29FC3B6A009CFECF /* UIColor+Extension.swift in Sources */,
				91487EE829FC3A19009CFECF /* SignUpViewController.swift in Sources */,
				91487F0229FC3C16009CFECF /* SizeLiterals.swift in Sources */,
				91487EF829FC3B01009CFECF /* BaseCollectionViewCell.swift in Sources */,
				91487F0029FC3BFE009CFECF /* TextLiterals.swift in Sources */,
				91487F2F29FD1A67009CFECF /* SubscriberSearchView.swift in Sources */,
				91487EFE29FC3BD0009CFECF /* ImageLiterals.swift in Sources */,
				91487EED29FC3A3E009CFECF /* SubscribePostsViewController.swift in Sources */,
				91487F2A29FD0693009CFECF /* PostsTabManViewController.swift in Sources */,
				91487F3529FD2ACE009CFECF /* ListTableHeaderView.swift in Sources */,
				91487F1C29FC598D009CFECF /* ListTableViewCell.swift in Sources */,
				91487F1E29FC5A49009CFECF /* ListTableView.swift in Sources */,
				91487F1429FC489C009CFECF /* PostsTableView.swift in Sources */,
				91487EF229FC3AAE009CFECF /* BaseViewController.swift in Sources */,
				91487F1229FC47CE009CFECF /* UIView+Extension.swift in Sources */,
				91487EC429FC380A009CFECF /* SceneDelegate.swift in Sources */,
				91487F2229FC5F2A009CFECF /* TabBarController.swift in Sources */,
				91487EF629FC3AEF009CFECF /* BaseTableViewCell.swift in Sources */,
				91487F2029FC5BCC009CFECF /* SubsciberListViewController.swift in Sources */,
				91487F1929FC549C009CFECF /* NoNetworkView.swift in Sources */,
				91487F2529FC5F7C009CFECF /* NotificationViewController.swift in Sources */,
				91487F2D29FD0812009CFECF /* SubscriberSearchViewController.swift in Sources */,
				91487F1729FC5481009CFECF /* NetworkMonitor.swift in Sources */,
				91487EF429FC3AD8009CFECF /* BaseUIView.swift in Sources */,
				91487F0B29FC45E9009CFECF /* PostsTableViewCell.swift in Sources */,
			);
			runOnlyForDeploymentPostprocessing = 0;
		};
/* End PBXSourcesBuildPhase section */

/* Begin PBXVariantGroup section */
		91487ECC29FC380C009CFECF /* LaunchScreen.storyboard */ = {
			isa = PBXVariantGroup;
			children = (
				91487ECD29FC380C009CFECF /* Base */,
			);
			name = LaunchScreen.storyboard;
			sourceTree = "<group>";
		};
/* End PBXVariantGroup section */

/* Begin XCBuildConfiguration section */
		91487ED029FC380C009CFECF /* Debug */ = {
			isa = XCBuildConfiguration;
			buildSettings = {
				ALWAYS_SEARCH_USER_PATHS = NO;
				CLANG_ANALYZER_NONNULL = YES;
				CLANG_ANALYZER_NUMBER_OBJECT_CONVERSION = YES_AGGRESSIVE;
				CLANG_CXX_LANGUAGE_STANDARD = "gnu++20";
				CLANG_ENABLE_MODULES = YES;
				CLANG_ENABLE_OBJC_ARC = YES;
				CLANG_ENABLE_OBJC_WEAK = YES;
				CLANG_WARN_BLOCK_CAPTURE_AUTORELEASING = YES;
				CLANG_WARN_BOOL_CONVERSION = YES;
				CLANG_WARN_COMMA = YES;
				CLANG_WARN_CONSTANT_CONVERSION = YES;
				CLANG_WARN_DEPRECATED_OBJC_IMPLEMENTATIONS = YES;
				CLANG_WARN_DIRECT_OBJC_ISA_USAGE = YES_ERROR;
				CLANG_WARN_DOCUMENTATION_COMMENTS = YES;
				CLANG_WARN_EMPTY_BODY = YES;
				CLANG_WARN_ENUM_CONVERSION = YES;
				CLANG_WARN_INFINITE_RECURSION = YES;
				CLANG_WARN_INT_CONVERSION = YES;
				CLANG_WARN_NON_LITERAL_NULL_CONVERSION = YES;
				CLANG_WARN_OBJC_IMPLICIT_RETAIN_SELF = YES;
				CLANG_WARN_OBJC_LITERAL_CONVERSION = YES;
				CLANG_WARN_OBJC_ROOT_CLASS = YES_ERROR;
				CLANG_WARN_QUOTED_INCLUDE_IN_FRAMEWORK_HEADER = YES;
				CLANG_WARN_RANGE_LOOP_ANALYSIS = YES;
				CLANG_WARN_STRICT_PROTOTYPES = YES;
				CLANG_WARN_SUSPICIOUS_MOVE = YES;
				CLANG_WARN_UNGUARDED_AVAILABILITY = YES_AGGRESSIVE;
				CLANG_WARN_UNREACHABLE_CODE = YES;
				CLANG_WARN__DUPLICATE_METHOD_MATCH = YES;
				COPY_PHASE_STRIP = NO;
				DEBUG_INFORMATION_FORMAT = dwarf;
				ENABLE_STRICT_OBJC_MSGSEND = YES;
				ENABLE_TESTABILITY = YES;
				GCC_C_LANGUAGE_STANDARD = gnu11;
				GCC_DYNAMIC_NO_PIC = NO;
				GCC_NO_COMMON_BLOCKS = YES;
				GCC_OPTIMIZATION_LEVEL = 0;
				GCC_PREPROCESSOR_DEFINITIONS = (
					"DEBUG=1",
					"$(inherited)",
				);
				GCC_WARN_64_TO_32_BIT_CONVERSION = YES;
				GCC_WARN_ABOUT_RETURN_TYPE = YES_ERROR;
				GCC_WARN_UNDECLARED_SELECTOR = YES;
				GCC_WARN_UNINITIALIZED_AUTOS = YES_AGGRESSIVE;
				GCC_WARN_UNUSED_FUNCTION = YES;
				GCC_WARN_UNUSED_VARIABLE = YES;
				IPHONEOS_DEPLOYMENT_TARGET = 15.5;
				MTL_ENABLE_DEBUG_INFO = INCLUDE_SOURCE;
				MTL_FAST_MATH = YES;
				ONLY_ACTIVE_ARCH = YES;
				SDKROOT = iphoneos;
				SWIFT_ACTIVE_COMPILATION_CONDITIONS = DEBUG;
				SWIFT_OPTIMIZATION_LEVEL = "-Onone";
			};
			name = Debug;
		};
		91487ED129FC380C009CFECF /* Release */ = {
			isa = XCBuildConfiguration;
			buildSettings = {
				ALWAYS_SEARCH_USER_PATHS = NO;
				CLANG_ANALYZER_NONNULL = YES;
				CLANG_ANALYZER_NUMBER_OBJECT_CONVERSION = YES_AGGRESSIVE;
				CLANG_CXX_LANGUAGE_STANDARD = "gnu++20";
				CLANG_ENABLE_MODULES = YES;
				CLANG_ENABLE_OBJC_ARC = YES;
				CLANG_ENABLE_OBJC_WEAK = YES;
				CLANG_WARN_BLOCK_CAPTURE_AUTORELEASING = YES;
				CLANG_WARN_BOOL_CONVERSION = YES;
				CLANG_WARN_COMMA = YES;
				CLANG_WARN_CONSTANT_CONVERSION = YES;
				CLANG_WARN_DEPRECATED_OBJC_IMPLEMENTATIONS = YES;
				CLANG_WARN_DIRECT_OBJC_ISA_USAGE = YES_ERROR;
				CLANG_WARN_DOCUMENTATION_COMMENTS = YES;
				CLANG_WARN_EMPTY_BODY = YES;
				CLANG_WARN_ENUM_CONVERSION = YES;
				CLANG_WARN_INFINITE_RECURSION = YES;
				CLANG_WARN_INT_CONVERSION = YES;
				CLANG_WARN_NON_LITERAL_NULL_CONVERSION = YES;
				CLANG_WARN_OBJC_IMPLICIT_RETAIN_SELF = YES;
				CLANG_WARN_OBJC_LITERAL_CONVERSION = YES;
				CLANG_WARN_OBJC_ROOT_CLASS = YES_ERROR;
				CLANG_WARN_QUOTED_INCLUDE_IN_FRAMEWORK_HEADER = YES;
				CLANG_WARN_RANGE_LOOP_ANALYSIS = YES;
				CLANG_WARN_STRICT_PROTOTYPES = YES;
				CLANG_WARN_SUSPICIOUS_MOVE = YES;
				CLANG_WARN_UNGUARDED_AVAILABILITY = YES_AGGRESSIVE;
				CLANG_WARN_UNREACHABLE_CODE = YES;
				CLANG_WARN__DUPLICATE_METHOD_MATCH = YES;
				COPY_PHASE_STRIP = NO;
				DEBUG_INFORMATION_FORMAT = "dwarf-with-dsym";
				ENABLE_NS_ASSERTIONS = NO;
				ENABLE_STRICT_OBJC_MSGSEND = YES;
				GCC_C_LANGUAGE_STANDARD = gnu11;
				GCC_NO_COMMON_BLOCKS = YES;
				GCC_WARN_64_TO_32_BIT_CONVERSION = YES;
				GCC_WARN_ABOUT_RETURN_TYPE = YES_ERROR;
				GCC_WARN_UNDECLARED_SELECTOR = YES;
				GCC_WARN_UNINITIALIZED_AUTOS = YES_AGGRESSIVE;
				GCC_WARN_UNUSED_FUNCTION = YES;
				GCC_WARN_UNUSED_VARIABLE = YES;
				IPHONEOS_DEPLOYMENT_TARGET = 15.5;
				MTL_ENABLE_DEBUG_INFO = NO;
				MTL_FAST_MATH = YES;
				SDKROOT = iphoneos;
				SWIFT_COMPILATION_MODE = wholemodule;
				SWIFT_OPTIMIZATION_LEVEL = "-O";
				VALIDATE_PRODUCT = YES;
			};
			name = Release;
		};
		91487ED329FC380C009CFECF /* Debug */ = {
			isa = XCBuildConfiguration;
			buildSettings = {
				ASSETCATALOG_COMPILER_APPICON_NAME = AppIcon;
				ASSETCATALOG_COMPILER_GLOBAL_ACCENT_COLOR_NAME = AccentColor;
				CODE_SIGN_STYLE = Automatic;
				CURRENT_PROJECT_VERSION = 1;
				DEVELOPMENT_TEAM = D96A3BCL3R;
				GENERATE_INFOPLIST_FILE = YES;
				INFOPLIST_FILE = VelogOnMobile/Global/Supports/Info.plist;
				INFOPLIST_KEY_UIApplicationSupportsIndirectInputEvents = YES;
				INFOPLIST_KEY_UILaunchStoryboardName = LaunchScreen;
				INFOPLIST_KEY_UISupportedInterfaceOrientations_iPad = "UIInterfaceOrientationPortrait UIInterfaceOrientationPortraitUpsideDown UIInterfaceOrientationLandscapeLeft UIInterfaceOrientationLandscapeRight";
				INFOPLIST_KEY_UISupportedInterfaceOrientations_iPhone = "UIInterfaceOrientationPortrait UIInterfaceOrientationLandscapeLeft UIInterfaceOrientationLandscapeRight";
				LD_RUNPATH_SEARCH_PATHS = (
					"$(inherited)",
					"@executable_path/Frameworks",
				);
				MARKETING_VERSION = 1.0;
				PRODUCT_BUNDLE_IDENTIFIER = com.JuneHyeokHong.VelogOnMobile;
				PRODUCT_NAME = "$(TARGET_NAME)";
				SWIFT_EMIT_LOC_STRINGS = YES;
				SWIFT_VERSION = 5.0;
				TARGETED_DEVICE_FAMILY = "1,2";
			};
			name = Debug;
		};
		91487ED429FC380C009CFECF /* Release */ = {
			isa = XCBuildConfiguration;
			buildSettings = {
				ASSETCATALOG_COMPILER_APPICON_NAME = AppIcon;
				ASSETCATALOG_COMPILER_GLOBAL_ACCENT_COLOR_NAME = AccentColor;
				CODE_SIGN_STYLE = Automatic;
				CURRENT_PROJECT_VERSION = 1;
				DEVELOPMENT_TEAM = D96A3BCL3R;
				GENERATE_INFOPLIST_FILE = YES;
				INFOPLIST_FILE = VelogOnMobile/Global/Supports/Info.plist;
				INFOPLIST_KEY_UIApplicationSupportsIndirectInputEvents = YES;
				INFOPLIST_KEY_UILaunchStoryboardName = LaunchScreen;
				INFOPLIST_KEY_UISupportedInterfaceOrientations_iPad = "UIInterfaceOrientationPortrait UIInterfaceOrientationPortraitUpsideDown UIInterfaceOrientationLandscapeLeft UIInterfaceOrientationLandscapeRight";
				INFOPLIST_KEY_UISupportedInterfaceOrientations_iPhone = "UIInterfaceOrientationPortrait UIInterfaceOrientationLandscapeLeft UIInterfaceOrientationLandscapeRight";
				LD_RUNPATH_SEARCH_PATHS = (
					"$(inherited)",
					"@executable_path/Frameworks",
				);
				MARKETING_VERSION = 1.0;
				PRODUCT_BUNDLE_IDENTIFIER = com.JuneHyeokHong.VelogOnMobile;
				PRODUCT_NAME = "$(TARGET_NAME)";
				SWIFT_EMIT_LOC_STRINGS = YES;
				SWIFT_VERSION = 5.0;
				TARGETED_DEVICE_FAMILY = "1,2";
			};
			name = Release;
		};
/* End XCBuildConfiguration section */

/* Begin XCConfigurationList section */
		91487EB929FC380A009CFECF /* Build configuration list for PBXProject "VelogOnMobile" */ = {
			isa = XCConfigurationList;
			buildConfigurations = (
				91487ED029FC380C009CFECF /* Debug */,
				91487ED129FC380C009CFECF /* Release */,
			);
			defaultConfigurationIsVisible = 0;
			defaultConfigurationName = Release;
		};
		91487ED229FC380C009CFECF /* Build configuration list for PBXNativeTarget "VelogOnMobile" */ = {
			isa = XCConfigurationList;
			buildConfigurations = (
				91487ED329FC380C009CFECF /* Debug */,
				91487ED429FC380C009CFECF /* Release */,
			);
			defaultConfigurationIsVisible = 0;
			defaultConfigurationName = Release;
		};
/* End XCConfigurationList section */

/* Begin XCRemoteSwiftPackageReference section */
		91487ED529FC38CC009CFECF /* XCRemoteSwiftPackageReference "SnapKit" */ = {
			isa = XCRemoteSwiftPackageReference;
			repositoryURL = "https://github.com/SnapKit/SnapKit.git";
			requirement = {
				branch = develop;
				kind = branch;
			};
		};
		91487ED829FC3921009CFECF /* XCRemoteSwiftPackageReference "Moya" */ = {
			isa = XCRemoteSwiftPackageReference;
			repositoryURL = "https://github.com/Moya/Moya";
			requirement = {
				branch = master;
				kind = branch;
			};
		};
		91487F0C29FC4656009CFECF /* XCRemoteSwiftPackageReference "Kingfisher" */ = {
			isa = XCRemoteSwiftPackageReference;
			repositoryURL = "https://github.com/onevcat/Kingfisher.git";
			requirement = {
				branch = master;
				kind = branch;
			};
		};
		91487F2629FD0641009CFECF /* XCRemoteSwiftPackageReference "Tabman" */ = {
			isa = XCRemoteSwiftPackageReference;
			repositoryURL = "https://github.com/uias/Tabman";
			requirement = {
				branch = main;
				kind = branch;
			};
		};
/* End XCRemoteSwiftPackageReference section */

/* Begin XCSwiftPackageProductDependency section */
		91487ED629FC38CC009CFECF /* SnapKit */ = {
			isa = XCSwiftPackageProductDependency;
			package = 91487ED529FC38CC009CFECF /* XCRemoteSwiftPackageReference "SnapKit" */;
			productName = SnapKit;
		};
		91487ED929FC3921009CFECF /* Moya */ = {
			isa = XCSwiftPackageProductDependency;
			package = 91487ED829FC3921009CFECF /* XCRemoteSwiftPackageReference "Moya" */;
			productName = Moya;
		};
		91487F0D29FC4656009CFECF /* Kingfisher */ = {
			isa = XCSwiftPackageProductDependency;
			package = 91487F0C29FC4656009CFECF /* XCRemoteSwiftPackageReference "Kingfisher" */;
			productName = Kingfisher;
		};
		91487F2729FD0641009CFECF /* Tabman */ = {
			isa = XCSwiftPackageProductDependency;
			package = 91487F2629FD0641009CFECF /* XCRemoteSwiftPackageReference "Tabman" */;
			productName = Tabman;
		};
/* End XCSwiftPackageProductDependency section */
	};
	rootObject = 91487EB629FC380A009CFECF /* Project object */;
}
