// !$*UTF8*$!
{
	archiveVersion = 1;
	classes = {
	};
	objectVersion = 56;
	objects = {

/* Begin PBXBuildFile section */
		913441E729FFD622000E1ED1 /* MoyaLoggerPlugin.swift in Sources */ = {isa = PBXBuildFile; fileRef = 913441E629FFD622000E1ED1 /* MoyaLoggerPlugin.swift */; };
		913441EA29FFD649000E1ED1 /* BaseTargetType.swift in Sources */ = {isa = PBXBuildFile; fileRef = 913441E929FFD649000E1ED1 /* BaseTargetType.swift */; };
		913441EC29FFD673000E1ED1 /* BaseURLConstant.swift in Sources */ = {isa = PBXBuildFile; fileRef = 913441EB29FFD673000E1ED1 /* BaseURLConstant.swift */; };
		913441EE29FFD6E3000E1ED1 /* NetworkResult.swift in Sources */ = {isa = PBXBuildFile; fileRef = 913441ED29FFD6E3000E1ED1 /* NetworkResult.swift */; };
		913441F029FFD6FB000E1ED1 /* NetworkService.swift in Sources */ = {isa = PBXBuildFile; fileRef = 913441EF29FFD6FB000E1ED1 /* NetworkService.swift */; };
		913441F429FFD742000E1ED1 /* TagAPI.swift in Sources */ = {isa = PBXBuildFile; fileRef = 913441F329FFD742000E1ED1 /* TagAPI.swift */; };
		913441F929FFD776000E1ED1 /* SignUpRequest.swift in Sources */ = {isa = PBXBuildFile; fileRef = 913441F829FFD776000E1ED1 /* SignUpRequest.swift */; };
		913441FB29FFD8AC000E1ED1 /* SignInRequest.swift in Sources */ = {isa = PBXBuildFile; fileRef = 913441FA29FFD8AC000E1ED1 /* SignInRequest.swift */; };
		9134420529FFD965000E1ED1 /* SignInResponse.swift in Sources */ = {isa = PBXBuildFile; fileRef = 9134420429FFD965000E1ED1 /* SignInResponse.swift */; };
		9134420729FFD9F9000E1ED1 /* SignUpResponse.swift in Sources */ = {isa = PBXBuildFile; fileRef = 9134420629FFD9F9000E1ED1 /* SignUpResponse.swift */; };
		9134420929FFDA32000E1ED1 /* SignOutRequest.swift in Sources */ = {isa = PBXBuildFile; fileRef = 9134420829FFDA32000E1ED1 /* SignOutRequest.swift */; };
		9134420B29FFDA71000E1ED1 /* SignOutResponse.swift in Sources */ = {isa = PBXBuildFile; fileRef = 9134420A29FFDA71000E1ED1 /* SignOutResponse.swift */; };
		9134421129FFDB5D000E1ED1 /* SearchSubscriberResponse.swift in Sources */ = {isa = PBXBuildFile; fileRef = 9134421029FFDB5D000E1ED1 /* SearchSubscriberResponse.swift */; };
		9134421329FFDBE8000E1ED1 /* GetSubscriberPostResponse.swift in Sources */ = {isa = PBXBuildFile; fileRef = 9134421229FFDBE8000E1ED1 /* GetSubscriberPostResponse.swift */; };
		9134421529FFDC9C000E1ED1 /* UnSubsribeResponse.swift in Sources */ = {isa = PBXBuildFile; fileRef = 9134421429FFDC9C000E1ED1 /* UnSubsribeResponse.swift */; };
		9134421A29FFE692000E1ED1 /* GetTagPostResponse.swift in Sources */ = {isa = PBXBuildFile; fileRef = 9134421929FFE692000E1ED1 /* GetTagPostResponse.swift */; };
		9134421D29FFEAC9000E1ED1 /* BroadcastResponse.swift in Sources */ = {isa = PBXBuildFile; fileRef = 9134421C29FFEAC9000E1ED1 /* BroadcastResponse.swift */; };
		9134421F29FFEAF7000E1ED1 /* BroadcastRequest.swift in Sources */ = {isa = PBXBuildFile; fileRef = 9134421E29FFEAF7000E1ED1 /* BroadcastRequest.swift */; };
		9134422329FFF59D000E1ED1 /* SettingTableView.swift in Sources */ = {isa = PBXBuildFile; fileRef = 9134422229FFF59D000E1ED1 /* SettingTableView.swift */; };
		9134422529FFF7C8000E1ED1 /* SettingView.swift in Sources */ = {isa = PBXBuildFile; fileRef = 9134422429FFF7C8000E1ED1 /* SettingView.swift */; };
		9134422729FFF9BC000E1ED1 /* ListView.swift in Sources */ = {isa = PBXBuildFile; fileRef = 9134422629FFF9BC000E1ED1 /* ListView.swift */; };
		913442292A0001EC000E1ED1 /* KeywordsPostsView.swift in Sources */ = {isa = PBXBuildFile; fileRef = 913442282A0001EC000E1ED1 /* KeywordsPostsView.swift */; };
		9134422B2A00027D000E1ED1 /* SubscribersPostsView.swift in Sources */ = {isa = PBXBuildFile; fileRef = 9134422A2A00027D000E1ED1 /* SubscribersPostsView.swift */; };
		9134422D2A00418A000E1ED1 /* URLConstants.swift in Sources */ = {isa = PBXBuildFile; fileRef = 9134422C2A00418A000E1ED1 /* URLConstants.swift */; };
		913442302A004352000E1ED1 /* SubscriberAPI.swift in Sources */ = {isa = PBXBuildFile; fileRef = 9134422F2A004352000E1ED1 /* SubscriberAPI.swift */; };
		913442322A004663000E1ED1 /* PostsAPI.swift in Sources */ = {isa = PBXBuildFile; fileRef = 913442312A004663000E1ED1 /* PostsAPI.swift */; };
		913442342A004795000E1ED1 /* SignAPI.swift in Sources */ = {isa = PBXBuildFile; fileRef = 913442332A004795000E1ED1 /* SignAPI.swift */; };
		913442362A00491C000E1ED1 /* NotificationAPI.swift in Sources */ = {isa = PBXBuildFile; fileRef = 913442352A00491C000E1ED1 /* NotificationAPI.swift */; };
		913442382A004B91000E1ED1 /* DefaultTagRepository.swift in Sources */ = {isa = PBXBuildFile; fileRef = 913442372A004B91000E1ED1 /* DefaultTagRepository.swift */; };
		9134423A2A004B9B000E1ED1 /* DefaultSubscriberRepository.swift in Sources */ = {isa = PBXBuildFile; fileRef = 913442392A004B9B000E1ED1 /* DefaultSubscriberRepository.swift */; };
		9134423C2A004BA2000E1ED1 /* DefaultPostsRepository.swift in Sources */ = {isa = PBXBuildFile; fileRef = 9134423B2A004BA2000E1ED1 /* DefaultPostsRepository.swift */; };
		9134423E2A004BA8000E1ED1 /* DefaultSignRepository.swift in Sources */ = {isa = PBXBuildFile; fileRef = 9134423D2A004BA8000E1ED1 /* DefaultSignRepository.swift */; };
		913442402A004BB1000E1ED1 /* DefaultNotificationRepository.swift in Sources */ = {isa = PBXBuildFile; fileRef = 9134423F2A004BB1000E1ED1 /* DefaultNotificationRepository.swift */; };
		91487EC229FC380A009CFECF /* AppDelegate.swift in Sources */ = {isa = PBXBuildFile; fileRef = 91487EC129FC380A009CFECF /* AppDelegate.swift */; };
		91487EC429FC380A009CFECF /* SceneDelegate.swift in Sources */ = {isa = PBXBuildFile; fileRef = 91487EC329FC380A009CFECF /* SceneDelegate.swift */; };
		91487EC629FC380A009CFECF /* SignInViewController.swift in Sources */ = {isa = PBXBuildFile; fileRef = 91487EC529FC380A009CFECF /* SignInViewController.swift */; };
		91487ECB29FC380C009CFECF /* Assets.xcassets in Resources */ = {isa = PBXBuildFile; fileRef = 91487ECA29FC380C009CFECF /* Assets.xcassets */; };
		91487ECE29FC380C009CFECF /* LaunchScreen.storyboard in Resources */ = {isa = PBXBuildFile; fileRef = 91487ECC29FC380C009CFECF /* LaunchScreen.storyboard */; };
		91487ED729FC38CC009CFECF /* SnapKit in Frameworks */ = {isa = PBXBuildFile; productRef = 91487ED629FC38CC009CFECF /* SnapKit */; };
		91487EDA29FC3921009CFECF /* Moya in Frameworks */ = {isa = PBXBuildFile; productRef = 91487ED929FC3921009CFECF /* Moya */; };
		91487EE829FC3A19009CFECF /* SignUpViewController.swift in Sources */ = {isa = PBXBuildFile; fileRef = 91487EE729FC3A19009CFECF /* SignUpViewController.swift */; };
		91487EED29FC3A3E009CFECF /* SubscribePostsViewController.swift in Sources */ = {isa = PBXBuildFile; fileRef = 91487EEC29FC3A3E009CFECF /* SubscribePostsViewController.swift */; };
		91487EEF29FC3A4D009CFECF /* SettingViewController.swift in Sources */ = {isa = PBXBuildFile; fileRef = 91487EEE29FC3A4D009CFECF /* SettingViewController.swift */; };
		91487EF229FC3AAE009CFECF /* BaseViewController.swift in Sources */ = {isa = PBXBuildFile; fileRef = 91487EF129FC3AAE009CFECF /* BaseViewController.swift */; };
		91487EF429FC3AD8009CFECF /* BaseUIView.swift in Sources */ = {isa = PBXBuildFile; fileRef = 91487EF329FC3AD8009CFECF /* BaseUIView.swift */; };
		91487EF629FC3AEF009CFECF /* BaseTableViewCell.swift in Sources */ = {isa = PBXBuildFile; fileRef = 91487EF529FC3AEF009CFECF /* BaseTableViewCell.swift */; };
		91487EF829FC3B01009CFECF /* BaseCollectionViewCell.swift in Sources */ = {isa = PBXBuildFile; fileRef = 91487EF729FC3B01009CFECF /* BaseCollectionViewCell.swift */; };
		91487EFB29FC3B6A009CFECF /* UIColor+Extension.swift in Sources */ = {isa = PBXBuildFile; fileRef = 91487EFA29FC3B6A009CFECF /* UIColor+Extension.swift */; };
		91487EFE29FC3BD0009CFECF /* ImageLiterals.swift in Sources */ = {isa = PBXBuildFile; fileRef = 91487EFD29FC3BD0009CFECF /* ImageLiterals.swift */; };
		91487F0029FC3BFE009CFECF /* TextLiterals.swift in Sources */ = {isa = PBXBuildFile; fileRef = 91487EFF29FC3BFE009CFECF /* TextLiterals.swift */; };
		91487F0229FC3C16009CFECF /* SizeLiterals.swift in Sources */ = {isa = PBXBuildFile; fileRef = 91487F0129FC3C16009CFECF /* SizeLiterals.swift */; };
		91487F0B29FC45E9009CFECF /* SubscribersPostsTableViewCell.swift in Sources */ = {isa = PBXBuildFile; fileRef = 91487F0A29FC45E9009CFECF /* SubscribersPostsTableViewCell.swift */; };
		91487F0E29FC4656009CFECF /* Kingfisher in Frameworks */ = {isa = PBXBuildFile; productRef = 91487F0D29FC4656009CFECF /* Kingfisher */; };
		91487F1029FC4736009CFECF /* UIStackView+Extension.swift in Sources */ = {isa = PBXBuildFile; fileRef = 91487F0F29FC4736009CFECF /* UIStackView+Extension.swift */; };
		91487F1229FC47CE009CFECF /* UIView+Extension.swift in Sources */ = {isa = PBXBuildFile; fileRef = 91487F1129FC47CE009CFECF /* UIView+Extension.swift */; };
		91487F1429FC489C009CFECF /* PostsTableView.swift in Sources */ = {isa = PBXBuildFile; fileRef = 91487F1329FC489C009CFECF /* PostsTableView.swift */; };
		91487F1729FC5481009CFECF /* NetworkMonitor.swift in Sources */ = {isa = PBXBuildFile; fileRef = 91487F1629FC5481009CFECF /* NetworkMonitor.swift */; };
		91487F1929FC549C009CFECF /* NoNetworkView.swift in Sources */ = {isa = PBXBuildFile; fileRef = 91487F1829FC549C009CFECF /* NoNetworkView.swift */; };
		91487F2229FC5F2A009CFECF /* TabBarController.swift in Sources */ = {isa = PBXBuildFile; fileRef = 91487F2129FC5F2A009CFECF /* TabBarController.swift */; };
		91487F2529FC5F7C009CFECF /* NotificationViewController.swift in Sources */ = {isa = PBXBuildFile; fileRef = 91487F2429FC5F7C009CFECF /* NotificationViewController.swift */; };
		91487F2829FD0641009CFECF /* Tabman in Frameworks */ = {isa = PBXBuildFile; productRef = 91487F2729FD0641009CFECF /* Tabman */; };
		91487F2A29FD0693009CFECF /* PostsTabManViewController.swift in Sources */ = {isa = PBXBuildFile; fileRef = 91487F2929FD0693009CFECF /* PostsTabManViewController.swift */; };
		91487F2D29FD0812009CFECF /* SubscriberSearchViewController.swift in Sources */ = {isa = PBXBuildFile; fileRef = 91487F2C29FD0812009CFECF /* SubscriberSearchViewController.swift */; };
		91487F2F29FD1A67009CFECF /* SubscriberSearchView.swift in Sources */ = {isa = PBXBuildFile; fileRef = 91487F2E29FD1A66009CFECF /* SubscriberSearchView.swift */; };
		91487F3729FD88E7009CFECF /* ListViewController.swift in Sources */ = {isa = PBXBuildFile; fileRef = 91487F3629FD88E7009CFECF /* ListViewController.swift */; };
		91487F3929FD8915009CFECF /* ListTableViewCell.swift in Sources */ = {isa = PBXBuildFile; fileRef = 91487F3829FD8915009CFECF /* ListTableViewCell.swift */; };
		91487F3B29FD892B009CFECF /* ListTableView.swift in Sources */ = {isa = PBXBuildFile; fileRef = 91487F3A29FD892B009CFECF /* ListTableView.swift */; };
		91487F3D29FD893D009CFECF /* ListHeadView.swift in Sources */ = {isa = PBXBuildFile; fileRef = 91487F3C29FD893D009CFECF /* ListHeadView.swift */; };
		91487F4329FD8AC9009CFECF /* ListViewModel.swift in Sources */ = {isa = PBXBuildFile; fileRef = 91487F4229FD8AC9009CFECF /* ListViewModel.swift */; };
		91487F4B29FD9838009CFECF /* TagSearchView.swift in Sources */ = {isa = PBXBuildFile; fileRef = 91487F4A29FD9838009CFECF /* TagSearchView.swift */; };
		91487F4D29FD9858009CFECF /* TagSearchViewController.swift in Sources */ = {isa = PBXBuildFile; fileRef = 91487F4C29FD9858009CFECF /* TagSearchViewController.swift */; };
		91487F5229FDA143009CFECF /* SettingTableViewCell.swift in Sources */ = {isa = PBXBuildFile; fileRef = 91487F5129FDA143009CFECF /* SettingTableViewCell.swift */; };
		91487F5929FDA269009CFECF /* KeywordsTableViewCell.swift in Sources */ = {isa = PBXBuildFile; fileRef = 91487F5829FDA269009CFECF /* KeywordsTableViewCell.swift */; };
		91487F5B29FDA287009CFECF /* KeywordsTableView.swift in Sources */ = {isa = PBXBuildFile; fileRef = 91487F5A29FDA287009CFECF /* KeywordsTableView.swift */; };
		91487F5D29FDA2C0009CFECF /* KeywordsPostsViewController.swift in Sources */ = {isa = PBXBuildFile; fileRef = 91487F5C29FDA2C0009CFECF /* KeywordsPostsViewController.swift */; };
		914D8DCE2A02417C00516B4C /* SubscriberSearchViewModel.swift in Sources */ = {isa = PBXBuildFile; fileRef = 914D8DCD2A02417C00516B4C /* SubscriberSearchViewModel.swift */; };
		914D8DD12A028AED00516B4C /* KeywordsPostsViewModel.swift in Sources */ = {isa = PBXBuildFile; fileRef = 914D8DD02A028AED00516B4C /* KeywordsPostsViewModel.swift */; };
		914D8DD42A02A4B500516B4C /* SubscriberPostsViewModel.swift in Sources */ = {isa = PBXBuildFile; fileRef = 914D8DD32A02A4B500516B4C /* SubscriberPostsViewModel.swift */; };
		914D8DD92A02B22A00516B4C /* WebViewController.swift in Sources */ = {isa = PBXBuildFile; fileRef = 914D8DD82A02B22A00516B4C /* WebViewController.swift */; };
		914D8DDC2A02B68200516B4C /* NVActivityIndicatorView in Frameworks */ = {isa = PBXBuildFile; productRef = 914D8DDB2A02B68200516B4C /* NVActivityIndicatorView */; };
		917BA3312A03D8EF000409B7 /* StorageViewController.swift in Sources */ = {isa = PBXBuildFile; fileRef = 917BA3302A03D8EF000409B7 /* StorageViewController.swift */; };
		917BA3332A03D8F7000409B7 /* StorageView.swift in Sources */ = {isa = PBXBuildFile; fileRef = 917BA3322A03D8F7000409B7 /* StorageView.swift */; };
		917BA3352A03E14A000409B7 /* StorageHeadView.swift in Sources */ = {isa = PBXBuildFile; fileRef = 917BA3342A03E14A000409B7 /* StorageHeadView.swift */; };
		917BA33F2A03E8A1000409B7 /* StorageTableView.swift in Sources */ = {isa = PBXBuildFile; fileRef = 917BA33E2A03E8A1000409B7 /* StorageTableView.swift */; };
		917BA3412A03E8FE000409B7 /* StorageTableViewCell.swift in Sources */ = {isa = PBXBuildFile; fileRef = 917BA3402A03E8FE000409B7 /* StorageTableViewCell.swift */; };
		917BA3432A0503D5000409B7 /* StoragePost.swift in Sources */ = {isa = PBXBuildFile; fileRef = 917BA3422A0503D5000409B7 /* StoragePost.swift */; };
		917BA3452A050631000409B7 /* StorageViewModel.swift in Sources */ = {isa = PBXBuildFile; fileRef = 917BA3442A050631000409B7 /* StorageViewModel.swift */; };
		917BA34C2A050861000409B7 /* Realm in Frameworks */ = {isa = PBXBuildFile; productRef = 917BA34B2A050861000409B7 /* Realm */; };
		917BA34E2A050861000409B7 /* RealmSwift in Frameworks */ = {isa = PBXBuildFile; productRef = 917BA34D2A050861000409B7 /* RealmSwift */; };
		917BA3522A050903000409B7 /* RealmStoragePost.swift in Sources */ = {isa = PBXBuildFile; fileRef = 917BA3512A050903000409B7 /* RealmStoragePost.swift */; };
		917BA3552A0509D8000409B7 /* RealmService.swift in Sources */ = {isa = PBXBuildFile; fileRef = 917BA3542A0509D8000409B7 /* RealmService.swift */; };
		917BA3882A07C541000409B7 /* SubscriberSearchProtocol.swift in Sources */ = {isa = PBXBuildFile; fileRef = 917BA3872A07C541000409B7 /* SubscriberSearchProtocol.swift */; };
		91CC1D2C2A0A7D40006BF786 /* JoinGroupRequest.swift in Sources */ = {isa = PBXBuildFile; fileRef = 91CC1D2B2A0A7D40006BF786 /* JoinGroupRequest.swift */; };
		91CC1D4C2A0AD7C2006BF786 /* LoadingView.swift in Sources */ = {isa = PBXBuildFile; fileRef = 91CC1D4B2A0AD7C2006BF786 /* LoadingView.swift */; };
		91CC1D532A0C0BCD006BF786 /* TagSearchProtocol.swift in Sources */ = {isa = PBXBuildFile; fileRef = 91CC1D522A0C0BCD006BF786 /* TagSearchProtocol.swift */; };
		91CCEA302A0CDDBD001362AD /* OnBoardingViewController.swift in Sources */ = {isa = PBXBuildFile; fileRef = 91CCEA2F2A0CDDBD001362AD /* OnBoardingViewController.swift */; };
		91CCEA322A0CDDE4001362AD /* OnBoardingView.swift in Sources */ = {isa = PBXBuildFile; fileRef = 91CCEA312A0CDDE4001362AD /* OnBoardingView.swift */; };
		91CCEA3C2A0D017A001362AD /* PostTagUIButton.swift in Sources */ = {isa = PBXBuildFile; fileRef = 91CCEA3B2A0D017A001362AD /* PostTagUIButton.swift */; };
		91CCEA602A0E9CC9001362AD /* HapticService.swift in Sources */ = {isa = PBXBuildFile; fileRef = 91CCEA5F2A0E9CC9001362AD /* HapticService.swift */; };
		91DEF3DD2A017774001B6A9D /* TagSearchViewModel.swift in Sources */ = {isa = PBXBuildFile; fileRef = 91DEF3DC2A017774001B6A9D /* TagSearchViewModel.swift */; };
		91E442872A10F385008CB516 /* RxBaseViewController.swift in Sources */ = {isa = PBXBuildFile; fileRef = 91E442862A10F385008CB516 /* RxBaseViewController.swift */; };
		91E4428B2A10F3C7008CB516 /* BaseViewModel.swift in Sources */ = {isa = PBXBuildFile; fileRef = 91E4428A2A10F3C7008CB516 /* BaseViewModel.swift */; };
		91E442A82A11031D008CB516 /* RxBlocking in Frameworks */ = {isa = PBXBuildFile; productRef = 91E442A72A11031D008CB516 /* RxBlocking */; };
		91E442AA2A11031D008CB516 /* RxCocoa in Frameworks */ = {isa = PBXBuildFile; productRef = 91E442A92A11031D008CB516 /* RxCocoa */; };
		91E442AC2A11031D008CB516 /* RxRelay in Frameworks */ = {isa = PBXBuildFile; productRef = 91E442AB2A11031D008CB516 /* RxRelay */; };
		91E442AE2A11031D008CB516 /* RxSwift in Frameworks */ = {isa = PBXBuildFile; productRef = 91E442AD2A11031D008CB516 /* RxSwift */; };
		91ED17872A00E57700158787 /* TagRepository.swift in Sources */ = {isa = PBXBuildFile; fileRef = 91ED17862A00E57700158787 /* TagRepository.swift */; };
		91ED17892A00E58D00158787 /* SubscriberRepository.swift in Sources */ = {isa = PBXBuildFile; fileRef = 91ED17882A00E58D00158787 /* SubscriberRepository.swift */; };
		91ED178B2A00E59900158787 /* PostsRepository.swift in Sources */ = {isa = PBXBuildFile; fileRef = 91ED178A2A00E59900158787 /* PostsRepository.swift */; };
		91ED178D2A00E5A600158787 /* SignRepository.swift in Sources */ = {isa = PBXBuildFile; fileRef = 91ED178C2A00E5A600158787 /* SignRepository.swift */; };
		91ED178F2A00E5B100158787 /* NotificationRepository.swift in Sources */ = {isa = PBXBuildFile; fileRef = 91ED178E2A00E5B100158787 /* NotificationRepository.swift */; };
		91ED17912A00E92800158787 /* ResponseData.swift in Sources */ = {isa = PBXBuildFile; fileRef = 91ED17902A00E92800158787 /* ResponseData.swift */; };
		91ED17932A00EA8F00158787 /* ErrorResponse.swift in Sources */ = {isa = PBXBuildFile; fileRef = 91ED17922A00EA8F00158787 /* ErrorResponse.swift */; };
		91ED179A2A00F00800158787 /* BaseRepository.swift in Sources */ = {isa = PBXBuildFile; fileRef = 91ED17992A00F00800158787 /* BaseRepository.swift */; };
/* End PBXBuildFile section */

/* Begin PBXFileReference section */
		913441E629FFD622000E1ED1 /* MoyaLoggerPlugin.swift */ = {isa = PBXFileReference; lastKnownFileType = sourcecode.swift; path = MoyaLoggerPlugin.swift; sourceTree = "<group>"; };
		913441E929FFD649000E1ED1 /* BaseTargetType.swift */ = {isa = PBXFileReference; lastKnownFileType = sourcecode.swift; path = BaseTargetType.swift; sourceTree = "<group>"; };
		913441EB29FFD673000E1ED1 /* BaseURLConstant.swift */ = {isa = PBXFileReference; lastKnownFileType = sourcecode.swift; path = BaseURLConstant.swift; sourceTree = "<group>"; };
		913441ED29FFD6E3000E1ED1 /* NetworkResult.swift */ = {isa = PBXFileReference; lastKnownFileType = sourcecode.swift; path = NetworkResult.swift; sourceTree = "<group>"; };
		913441EF29FFD6FB000E1ED1 /* NetworkService.swift */ = {isa = PBXFileReference; lastKnownFileType = sourcecode.swift; path = NetworkService.swift; sourceTree = "<group>"; };
		913441F329FFD742000E1ED1 /* TagAPI.swift */ = {isa = PBXFileReference; lastKnownFileType = sourcecode.swift; path = TagAPI.swift; sourceTree = "<group>"; };
		913441F829FFD776000E1ED1 /* SignUpRequest.swift */ = {isa = PBXFileReference; lastKnownFileType = sourcecode.swift; path = SignUpRequest.swift; sourceTree = "<group>"; };
		913441FA29FFD8AC000E1ED1 /* SignInRequest.swift */ = {isa = PBXFileReference; lastKnownFileType = sourcecode.swift; path = SignInRequest.swift; sourceTree = "<group>"; };
		9134420429FFD965000E1ED1 /* SignInResponse.swift */ = {isa = PBXFileReference; lastKnownFileType = sourcecode.swift; path = SignInResponse.swift; sourceTree = "<group>"; };
		9134420629FFD9F9000E1ED1 /* SignUpResponse.swift */ = {isa = PBXFileReference; lastKnownFileType = sourcecode.swift; path = SignUpResponse.swift; sourceTree = "<group>"; };
		9134420829FFDA32000E1ED1 /* SignOutRequest.swift */ = {isa = PBXFileReference; lastKnownFileType = sourcecode.swift; path = SignOutRequest.swift; sourceTree = "<group>"; };
		9134420A29FFDA71000E1ED1 /* SignOutResponse.swift */ = {isa = PBXFileReference; lastKnownFileType = sourcecode.swift; path = SignOutResponse.swift; sourceTree = "<group>"; };
		9134421029FFDB5D000E1ED1 /* SearchSubscriberResponse.swift */ = {isa = PBXFileReference; lastKnownFileType = sourcecode.swift; path = SearchSubscriberResponse.swift; sourceTree = "<group>"; };
		9134421229FFDBE8000E1ED1 /* GetSubscriberPostResponse.swift */ = {isa = PBXFileReference; lastKnownFileType = sourcecode.swift; path = GetSubscriberPostResponse.swift; sourceTree = "<group>"; };
		9134421429FFDC9C000E1ED1 /* UnSubsribeResponse.swift */ = {isa = PBXFileReference; lastKnownFileType = sourcecode.swift; path = UnSubsribeResponse.swift; sourceTree = "<group>"; };
		9134421929FFE692000E1ED1 /* GetTagPostResponse.swift */ = {isa = PBXFileReference; lastKnownFileType = sourcecode.swift; path = GetTagPostResponse.swift; sourceTree = "<group>"; };
		9134421C29FFEAC9000E1ED1 /* BroadcastResponse.swift */ = {isa = PBXFileReference; lastKnownFileType = sourcecode.swift; path = BroadcastResponse.swift; sourceTree = "<group>"; };
		9134421E29FFEAF7000E1ED1 /* BroadcastRequest.swift */ = {isa = PBXFileReference; lastKnownFileType = sourcecode.swift; path = BroadcastRequest.swift; sourceTree = "<group>"; };
		9134422229FFF59D000E1ED1 /* SettingTableView.swift */ = {isa = PBXFileReference; lastKnownFileType = sourcecode.swift; path = SettingTableView.swift; sourceTree = "<group>"; };
		9134422429FFF7C8000E1ED1 /* SettingView.swift */ = {isa = PBXFileReference; lastKnownFileType = sourcecode.swift; path = SettingView.swift; sourceTree = "<group>"; };
		9134422629FFF9BC000E1ED1 /* ListView.swift */ = {isa = PBXFileReference; lastKnownFileType = sourcecode.swift; path = ListView.swift; sourceTree = "<group>"; };
		913442282A0001EC000E1ED1 /* KeywordsPostsView.swift */ = {isa = PBXFileReference; lastKnownFileType = sourcecode.swift; path = KeywordsPostsView.swift; sourceTree = "<group>"; };
		9134422A2A00027D000E1ED1 /* SubscribersPostsView.swift */ = {isa = PBXFileReference; lastKnownFileType = sourcecode.swift; path = SubscribersPostsView.swift; sourceTree = "<group>"; };
		9134422C2A00418A000E1ED1 /* URLConstants.swift */ = {isa = PBXFileReference; lastKnownFileType = sourcecode.swift; path = URLConstants.swift; sourceTree = "<group>"; };
		9134422F2A004352000E1ED1 /* SubscriberAPI.swift */ = {isa = PBXFileReference; lastKnownFileType = sourcecode.swift; path = SubscriberAPI.swift; sourceTree = "<group>"; };
		913442312A004663000E1ED1 /* PostsAPI.swift */ = {isa = PBXFileReference; lastKnownFileType = sourcecode.swift; path = PostsAPI.swift; sourceTree = "<group>"; };
		913442332A004795000E1ED1 /* SignAPI.swift */ = {isa = PBXFileReference; lastKnownFileType = sourcecode.swift; path = SignAPI.swift; sourceTree = "<group>"; };
		913442352A00491C000E1ED1 /* NotificationAPI.swift */ = {isa = PBXFileReference; lastKnownFileType = sourcecode.swift; path = NotificationAPI.swift; sourceTree = "<group>"; };
		913442372A004B91000E1ED1 /* DefaultTagRepository.swift */ = {isa = PBXFileReference; lastKnownFileType = sourcecode.swift; path = DefaultTagRepository.swift; sourceTree = "<group>"; };
		913442392A004B9B000E1ED1 /* DefaultSubscriberRepository.swift */ = {isa = PBXFileReference; lastKnownFileType = sourcecode.swift; path = DefaultSubscriberRepository.swift; sourceTree = "<group>"; };
		9134423B2A004BA2000E1ED1 /* DefaultPostsRepository.swift */ = {isa = PBXFileReference; lastKnownFileType = sourcecode.swift; path = DefaultPostsRepository.swift; sourceTree = "<group>"; };
		9134423D2A004BA8000E1ED1 /* DefaultSignRepository.swift */ = {isa = PBXFileReference; lastKnownFileType = sourcecode.swift; path = DefaultSignRepository.swift; sourceTree = "<group>"; };
		9134423F2A004BB1000E1ED1 /* DefaultNotificationRepository.swift */ = {isa = PBXFileReference; lastKnownFileType = sourcecode.swift; path = DefaultNotificationRepository.swift; sourceTree = "<group>"; };
		91487EBE29FC380A009CFECF /* VelogOnMobile.app */ = {isa = PBXFileReference; explicitFileType = wrapper.application; includeInIndex = 0; path = VelogOnMobile.app; sourceTree = BUILT_PRODUCTS_DIR; };
		91487EC129FC380A009CFECF /* AppDelegate.swift */ = {isa = PBXFileReference; lastKnownFileType = sourcecode.swift; path = AppDelegate.swift; sourceTree = "<group>"; };
		91487EC329FC380A009CFECF /* SceneDelegate.swift */ = {isa = PBXFileReference; lastKnownFileType = sourcecode.swift; path = SceneDelegate.swift; sourceTree = "<group>"; };
		91487EC529FC380A009CFECF /* SignInViewController.swift */ = {isa = PBXFileReference; lastKnownFileType = sourcecode.swift; path = SignInViewController.swift; sourceTree = "<group>"; };
		91487ECA29FC380C009CFECF /* Assets.xcassets */ = {isa = PBXFileReference; lastKnownFileType = folder.assetcatalog; path = Assets.xcassets; sourceTree = "<group>"; };
		91487ECD29FC380C009CFECF /* Base */ = {isa = PBXFileReference; lastKnownFileType = file.storyboard; name = Base; path = Base.lproj/LaunchScreen.storyboard; sourceTree = "<group>"; };
		91487ECF29FC380C009CFECF /* Info.plist */ = {isa = PBXFileReference; lastKnownFileType = text.plist.xml; path = Info.plist; sourceTree = "<group>"; };
		91487EE729FC3A19009CFECF /* SignUpViewController.swift */ = {isa = PBXFileReference; lastKnownFileType = sourcecode.swift; path = SignUpViewController.swift; sourceTree = "<group>"; };
		91487EEC29FC3A3E009CFECF /* SubscribePostsViewController.swift */ = {isa = PBXFileReference; lastKnownFileType = sourcecode.swift; path = SubscribePostsViewController.swift; sourceTree = "<group>"; };
		91487EEE29FC3A4D009CFECF /* SettingViewController.swift */ = {isa = PBXFileReference; lastKnownFileType = sourcecode.swift; path = SettingViewController.swift; sourceTree = "<group>"; };
		91487EF129FC3AAE009CFECF /* BaseViewController.swift */ = {isa = PBXFileReference; lastKnownFileType = sourcecode.swift; path = BaseViewController.swift; sourceTree = "<group>"; };
		91487EF329FC3AD8009CFECF /* BaseUIView.swift */ = {isa = PBXFileReference; lastKnownFileType = sourcecode.swift; path = BaseUIView.swift; sourceTree = "<group>"; };
		91487EF529FC3AEF009CFECF /* BaseTableViewCell.swift */ = {isa = PBXFileReference; lastKnownFileType = sourcecode.swift; path = BaseTableViewCell.swift; sourceTree = "<group>"; };
		91487EF729FC3B01009CFECF /* BaseCollectionViewCell.swift */ = {isa = PBXFileReference; lastKnownFileType = sourcecode.swift; path = BaseCollectionViewCell.swift; sourceTree = "<group>"; };
		91487EFA29FC3B6A009CFECF /* UIColor+Extension.swift */ = {isa = PBXFileReference; lastKnownFileType = sourcecode.swift; path = "UIColor+Extension.swift"; sourceTree = "<group>"; };
		91487EFD29FC3BD0009CFECF /* ImageLiterals.swift */ = {isa = PBXFileReference; lastKnownFileType = sourcecode.swift; path = ImageLiterals.swift; sourceTree = "<group>"; };
		91487EFF29FC3BFE009CFECF /* TextLiterals.swift */ = {isa = PBXFileReference; lastKnownFileType = sourcecode.swift; path = TextLiterals.swift; sourceTree = "<group>"; };
		91487F0129FC3C16009CFECF /* SizeLiterals.swift */ = {isa = PBXFileReference; lastKnownFileType = sourcecode.swift; path = SizeLiterals.swift; sourceTree = "<group>"; };
		91487F0A29FC45E9009CFECF /* SubscribersPostsTableViewCell.swift */ = {isa = PBXFileReference; lastKnownFileType = sourcecode.swift; path = SubscribersPostsTableViewCell.swift; sourceTree = "<group>"; };
		91487F0F29FC4736009CFECF /* UIStackView+Extension.swift */ = {isa = PBXFileReference; lastKnownFileType = sourcecode.swift; path = "UIStackView+Extension.swift"; sourceTree = "<group>"; };
		91487F1129FC47CE009CFECF /* UIView+Extension.swift */ = {isa = PBXFileReference; lastKnownFileType = sourcecode.swift; path = "UIView+Extension.swift"; sourceTree = "<group>"; };
		91487F1329FC489C009CFECF /* PostsTableView.swift */ = {isa = PBXFileReference; lastKnownFileType = sourcecode.swift; path = PostsTableView.swift; sourceTree = "<group>"; };
		91487F1629FC5481009CFECF /* NetworkMonitor.swift */ = {isa = PBXFileReference; lastKnownFileType = sourcecode.swift; path = NetworkMonitor.swift; sourceTree = "<group>"; };
		91487F1829FC549C009CFECF /* NoNetworkView.swift */ = {isa = PBXFileReference; lastKnownFileType = sourcecode.swift; path = NoNetworkView.swift; sourceTree = "<group>"; };
		91487F2129FC5F2A009CFECF /* TabBarController.swift */ = {isa = PBXFileReference; lastKnownFileType = sourcecode.swift; path = TabBarController.swift; sourceTree = "<group>"; };
		91487F2429FC5F7C009CFECF /* NotificationViewController.swift */ = {isa = PBXFileReference; lastKnownFileType = sourcecode.swift; path = NotificationViewController.swift; sourceTree = "<group>"; };
		91487F2929FD0693009CFECF /* PostsTabManViewController.swift */ = {isa = PBXFileReference; lastKnownFileType = sourcecode.swift; path = PostsTabManViewController.swift; sourceTree = "<group>"; };
		91487F2C29FD0812009CFECF /* SubscriberSearchViewController.swift */ = {isa = PBXFileReference; lastKnownFileType = sourcecode.swift; path = SubscriberSearchViewController.swift; sourceTree = "<group>"; };
		91487F2E29FD1A66009CFECF /* SubscriberSearchView.swift */ = {isa = PBXFileReference; lastKnownFileType = sourcecode.swift; path = SubscriberSearchView.swift; sourceTree = "<group>"; };
		91487F3629FD88E7009CFECF /* ListViewController.swift */ = {isa = PBXFileReference; lastKnownFileType = sourcecode.swift; path = ListViewController.swift; sourceTree = "<group>"; };
		91487F3829FD8915009CFECF /* ListTableViewCell.swift */ = {isa = PBXFileReference; lastKnownFileType = sourcecode.swift; path = ListTableViewCell.swift; sourceTree = "<group>"; };
		91487F3A29FD892B009CFECF /* ListTableView.swift */ = {isa = PBXFileReference; lastKnownFileType = sourcecode.swift; path = ListTableView.swift; sourceTree = "<group>"; };
		91487F3C29FD893D009CFECF /* ListHeadView.swift */ = {isa = PBXFileReference; lastKnownFileType = sourcecode.swift; path = ListHeadView.swift; sourceTree = "<group>"; };
		91487F4229FD8AC9009CFECF /* ListViewModel.swift */ = {isa = PBXFileReference; lastKnownFileType = sourcecode.swift; path = ListViewModel.swift; sourceTree = "<group>"; };
		91487F4A29FD9838009CFECF /* TagSearchView.swift */ = {isa = PBXFileReference; lastKnownFileType = sourcecode.swift; path = TagSearchView.swift; sourceTree = "<group>"; };
		91487F4C29FD9858009CFECF /* TagSearchViewController.swift */ = {isa = PBXFileReference; lastKnownFileType = sourcecode.swift; path = TagSearchViewController.swift; sourceTree = "<group>"; };
		91487F5129FDA143009CFECF /* SettingTableViewCell.swift */ = {isa = PBXFileReference; lastKnownFileType = sourcecode.swift; path = SettingTableViewCell.swift; sourceTree = "<group>"; };
		91487F5829FDA269009CFECF /* KeywordsTableViewCell.swift */ = {isa = PBXFileReference; lastKnownFileType = sourcecode.swift; path = KeywordsTableViewCell.swift; sourceTree = "<group>"; };
		91487F5A29FDA287009CFECF /* KeywordsTableView.swift */ = {isa = PBXFileReference; lastKnownFileType = sourcecode.swift; path = KeywordsTableView.swift; sourceTree = "<group>"; };
		91487F5C29FDA2C0009CFECF /* KeywordsPostsViewController.swift */ = {isa = PBXFileReference; lastKnownFileType = sourcecode.swift; path = KeywordsPostsViewController.swift; sourceTree = "<group>"; };
		914D8DCD2A02417C00516B4C /* SubscriberSearchViewModel.swift */ = {isa = PBXFileReference; lastKnownFileType = sourcecode.swift; path = SubscriberSearchViewModel.swift; sourceTree = "<group>"; };
		914D8DD02A028AED00516B4C /* KeywordsPostsViewModel.swift */ = {isa = PBXFileReference; lastKnownFileType = sourcecode.swift; path = KeywordsPostsViewModel.swift; sourceTree = "<group>"; };
		914D8DD32A02A4B500516B4C /* SubscriberPostsViewModel.swift */ = {isa = PBXFileReference; lastKnownFileType = sourcecode.swift; path = SubscriberPostsViewModel.swift; sourceTree = "<group>"; };
		914D8DD82A02B22A00516B4C /* WebViewController.swift */ = {isa = PBXFileReference; lastKnownFileType = sourcecode.swift; path = WebViewController.swift; sourceTree = "<group>"; };
		917BA3302A03D8EF000409B7 /* StorageViewController.swift */ = {isa = PBXFileReference; lastKnownFileType = sourcecode.swift; path = StorageViewController.swift; sourceTree = "<group>"; };
		917BA3322A03D8F7000409B7 /* StorageView.swift */ = {isa = PBXFileReference; lastKnownFileType = sourcecode.swift; path = StorageView.swift; sourceTree = "<group>"; };
		917BA3342A03E14A000409B7 /* StorageHeadView.swift */ = {isa = PBXFileReference; lastKnownFileType = sourcecode.swift; path = StorageHeadView.swift; sourceTree = "<group>"; };
		917BA33E2A03E8A1000409B7 /* StorageTableView.swift */ = {isa = PBXFileReference; lastKnownFileType = sourcecode.swift; path = StorageTableView.swift; sourceTree = "<group>"; };
		917BA3402A03E8FE000409B7 /* StorageTableViewCell.swift */ = {isa = PBXFileReference; lastKnownFileType = sourcecode.swift; path = StorageTableViewCell.swift; sourceTree = "<group>"; };
		917BA3422A0503D5000409B7 /* StoragePost.swift */ = {isa = PBXFileReference; lastKnownFileType = sourcecode.swift; path = StoragePost.swift; sourceTree = "<group>"; };
		917BA3442A050631000409B7 /* StorageViewModel.swift */ = {isa = PBXFileReference; lastKnownFileType = sourcecode.swift; path = StorageViewModel.swift; sourceTree = "<group>"; };
		917BA3512A050903000409B7 /* RealmStoragePost.swift */ = {isa = PBXFileReference; lastKnownFileType = sourcecode.swift; path = RealmStoragePost.swift; sourceTree = "<group>"; };
		917BA3542A0509D8000409B7 /* RealmService.swift */ = {isa = PBXFileReference; lastKnownFileType = sourcecode.swift; path = RealmService.swift; sourceTree = "<group>"; };
		917BA3872A07C541000409B7 /* SubscriberSearchProtocol.swift */ = {isa = PBXFileReference; lastKnownFileType = sourcecode.swift; path = SubscriberSearchProtocol.swift; sourceTree = "<group>"; };
		91CC1D2B2A0A7D40006BF786 /* JoinGroupRequest.swift */ = {isa = PBXFileReference; lastKnownFileType = sourcecode.swift; path = JoinGroupRequest.swift; sourceTree = "<group>"; };
		91CC1D4B2A0AD7C2006BF786 /* LoadingView.swift */ = {isa = PBXFileReference; lastKnownFileType = sourcecode.swift; path = LoadingView.swift; sourceTree = "<group>"; };
		91CC1D522A0C0BCD006BF786 /* TagSearchProtocol.swift */ = {isa = PBXFileReference; lastKnownFileType = sourcecode.swift; path = TagSearchProtocol.swift; sourceTree = "<group>"; };
		91CCEA2F2A0CDDBD001362AD /* OnBoardingViewController.swift */ = {isa = PBXFileReference; lastKnownFileType = sourcecode.swift; path = OnBoardingViewController.swift; sourceTree = "<group>"; };
		91CCEA312A0CDDE4001362AD /* OnBoardingView.swift */ = {isa = PBXFileReference; lastKnownFileType = sourcecode.swift; path = OnBoardingView.swift; sourceTree = "<group>"; };
		91CCEA3B2A0D017A001362AD /* PostTagUIButton.swift */ = {isa = PBXFileReference; lastKnownFileType = sourcecode.swift; path = PostTagUIButton.swift; sourceTree = "<group>"; };
		91CCEA5F2A0E9CC9001362AD /* HapticService.swift */ = {isa = PBXFileReference; lastKnownFileType = sourcecode.swift; path = HapticService.swift; sourceTree = "<group>"; };
		91DEF3DC2A017774001B6A9D /* TagSearchViewModel.swift */ = {isa = PBXFileReference; lastKnownFileType = sourcecode.swift; path = TagSearchViewModel.swift; sourceTree = "<group>"; };
		91E442862A10F385008CB516 /* RxBaseViewController.swift */ = {isa = PBXFileReference; lastKnownFileType = sourcecode.swift; path = RxBaseViewController.swift; sourceTree = "<group>"; };
		91E4428A2A10F3C7008CB516 /* BaseViewModel.swift */ = {isa = PBXFileReference; lastKnownFileType = sourcecode.swift; path = BaseViewModel.swift; sourceTree = "<group>"; };
		91E442A32A110191008CB516 /* XCTest.framework */ = {isa = PBXFileReference; lastKnownFileType = wrapper.framework; name = XCTest.framework; path = Platforms/iPhoneOS.platform/Developer/Library/Frameworks/XCTest.framework; sourceTree = DEVELOPER_DIR; };
		91ED17862A00E57700158787 /* TagRepository.swift */ = {isa = PBXFileReference; lastKnownFileType = sourcecode.swift; path = TagRepository.swift; sourceTree = "<group>"; };
		91ED17882A00E58D00158787 /* SubscriberRepository.swift */ = {isa = PBXFileReference; lastKnownFileType = sourcecode.swift; path = SubscriberRepository.swift; sourceTree = "<group>"; };
		91ED178A2A00E59900158787 /* PostsRepository.swift */ = {isa = PBXFileReference; lastKnownFileType = sourcecode.swift; path = PostsRepository.swift; sourceTree = "<group>"; };
		91ED178C2A00E5A600158787 /* SignRepository.swift */ = {isa = PBXFileReference; lastKnownFileType = sourcecode.swift; path = SignRepository.swift; sourceTree = "<group>"; };
		91ED178E2A00E5B100158787 /* NotificationRepository.swift */ = {isa = PBXFileReference; lastKnownFileType = sourcecode.swift; path = NotificationRepository.swift; sourceTree = "<group>"; };
		91ED17902A00E92800158787 /* ResponseData.swift */ = {isa = PBXFileReference; lastKnownFileType = sourcecode.swift; path = ResponseData.swift; sourceTree = "<group>"; };
		91ED17922A00EA8F00158787 /* ErrorResponse.swift */ = {isa = PBXFileReference; lastKnownFileType = sourcecode.swift; path = ErrorResponse.swift; sourceTree = "<group>"; };
		91ED17992A00F00800158787 /* BaseRepository.swift */ = {isa = PBXFileReference; lastKnownFileType = sourcecode.swift; path = BaseRepository.swift; sourceTree = "<group>"; };
/* End PBXFileReference section */

/* Begin PBXFrameworksBuildPhase section */
		91487EBB29FC380A009CFECF /* Frameworks */ = {
			isa = PBXFrameworksBuildPhase;
			buildActionMask = 2147483647;
			files = (
				91E442A82A11031D008CB516 /* RxBlocking in Frameworks */,
				91E442AA2A11031D008CB516 /* RxCocoa in Frameworks */,
				917BA34C2A050861000409B7 /* Realm in Frameworks */,
				91487F0E29FC4656009CFECF /* Kingfisher in Frameworks */,
				917BA34E2A050861000409B7 /* RealmSwift in Frameworks */,
				91E442AE2A11031D008CB516 /* RxSwift in Frameworks */,
				914D8DDC2A02B68200516B4C /* NVActivityIndicatorView in Frameworks */,
				91487F2829FD0641009CFECF /* Tabman in Frameworks */,
				91487EDA29FC3921009CFECF /* Moya in Frameworks */,
				91487ED729FC38CC009CFECF /* SnapKit in Frameworks */,
				91E442AC2A11031D008CB516 /* RxRelay in Frameworks */,
			);
			runOnlyForDeploymentPostprocessing = 0;
		};
/* End PBXFrameworksBuildPhase section */

/* Begin PBXGroup section */
		913441E229FFD5BE000E1ED1 /* Network */ = {
			isa = PBXGroup;
			children = (
				91ED179D2A00F73200158787 /* NetworkCommon */,
				913441E429FFD5FA000E1ED1 /* API */,
				913441E329FFD5D1000E1ED1 /* Repository */,
			);
			path = Network;
			sourceTree = "<group>";
		};
		913441E329FFD5D1000E1ED1 /* Repository */ = {
			isa = PBXGroup;
			children = (
				91ED179C2A00F2FE00158787 /* ResponseData */,
				91ED179B2A00F2DB00158787 /* BaseRepository */,
				91ED17852A00E55600158787 /* Protocol */,
				913442372A004B91000E1ED1 /* DefaultTagRepository.swift */,
				913442392A004B9B000E1ED1 /* DefaultSubscriberRepository.swift */,
				9134423B2A004BA2000E1ED1 /* DefaultPostsRepository.swift */,
				9134423D2A004BA8000E1ED1 /* DefaultSignRepository.swift */,
				9134423F2A004BB1000E1ED1 /* DefaultNotificationRepository.swift */,
			);
			path = Repository;
			sourceTree = "<group>";
		};
		913441E429FFD5FA000E1ED1 /* API */ = {
			isa = PBXGroup;
			children = (
				913441F329FFD742000E1ED1 /* TagAPI.swift */,
				9134422F2A004352000E1ED1 /* SubscriberAPI.swift */,
				913442312A004663000E1ED1 /* PostsAPI.swift */,
				913442332A004795000E1ED1 /* SignAPI.swift */,
				913442352A00491C000E1ED1 /* NotificationAPI.swift */,
			);
			path = API;
			sourceTree = "<group>";
		};
		913441E529FFD611000E1ED1 /* MoyaPluggin */ = {
			isa = PBXGroup;
			children = (
				913441E629FFD622000E1ED1 /* MoyaLoggerPlugin.swift */,
			);
			path = MoyaPluggin;
			sourceTree = "<group>";
		};
		913441E829FFD63A000E1ED1 /* Foundation */ = {
			isa = PBXGroup;
			children = (
				913441E929FFD649000E1ED1 /* BaseTargetType.swift */,
				913441EB29FFD673000E1ED1 /* BaseURLConstant.swift */,
				913441ED29FFD6E3000E1ED1 /* NetworkResult.swift */,
				913441EF29FFD6FB000E1ED1 /* NetworkService.swift */,
				9134422C2A00418A000E1ED1 /* URLConstants.swift */,
			);
			path = Foundation;
			sourceTree = "<group>";
		};
		913441F729FFD760000E1ED1 /* DTO */ = {
			isa = PBXGroup;
			children = (
				917BA3422A0503D5000409B7 /* StoragePost.swift */,
				91ED17942A00EAE200158787 /* ErrorDTO */,
				9134421B29FFEAA4000E1ED1 /* NotificationDTO */,
				9134421629FFDCCF000E1ED1 /* TagDTO */,
				9134420D29FFDADB000E1ED1 /* SubscribeDTO */,
				9134420C29FFDAA6000E1ED1 /* SignDTO */,
			);
			path = DTO;
			sourceTree = "<group>";
		};
		9134420C29FFDAA6000E1ED1 /* SignDTO */ = {
			isa = PBXGroup;
			children = (
				913441FA29FFD8AC000E1ED1 /* SignInRequest.swift */,
				9134420429FFD965000E1ED1 /* SignInResponse.swift */,
				913441F829FFD776000E1ED1 /* SignUpRequest.swift */,
				9134420629FFD9F9000E1ED1 /* SignUpResponse.swift */,
				9134420829FFDA32000E1ED1 /* SignOutRequest.swift */,
				9134420A29FFDA71000E1ED1 /* SignOutResponse.swift */,
			);
			path = SignDTO;
			sourceTree = "<group>";
		};
		9134420D29FFDADB000E1ED1 /* SubscribeDTO */ = {
			isa = PBXGroup;
			children = (
				9134421029FFDB5D000E1ED1 /* SearchSubscriberResponse.swift */,
				9134421229FFDBE8000E1ED1 /* GetSubscriberPostResponse.swift */,
				9134421429FFDC9C000E1ED1 /* UnSubsribeResponse.swift */,
			);
			path = SubscribeDTO;
			sourceTree = "<group>";
		};
		9134421629FFDCCF000E1ED1 /* TagDTO */ = {
			isa = PBXGroup;
			children = (
				9134421929FFE692000E1ED1 /* GetTagPostResponse.swift */,
			);
			path = TagDTO;
			sourceTree = "<group>";
		};
		9134421B29FFEAA4000E1ED1 /* NotificationDTO */ = {
			isa = PBXGroup;
			children = (
				9134421C29FFEAC9000E1ED1 /* BroadcastResponse.swift */,
				9134421E29FFEAF7000E1ED1 /* BroadcastRequest.swift */,
				91CC1D2B2A0A7D40006BF786 /* JoinGroupRequest.swift */,
			);
			path = NotificationDTO;
			sourceTree = "<group>";
		};
		9134422029FFEF74000E1ED1 /* View */ = {
			isa = PBXGroup;
			children = (
				9134422429FFF7C8000E1ED1 /* SettingView.swift */,
				9134422229FFF59D000E1ED1 /* SettingTableView.swift */,
				91487F5129FDA143009CFECF /* SettingTableViewCell.swift */,
			);
			path = View;
			sourceTree = "<group>";
		};
		9134422129FFEF7E000E1ED1 /* ViewController */ = {
			isa = PBXGroup;
			children = (
				91487EEE29FC3A4D009CFECF /* SettingViewController.swift */,
			);
			path = ViewController;
			sourceTree = "<group>";
		};
		91487EB529FC380A009CFECF = {
			isa = PBXGroup;
			children = (
				91487EC029FC380A009CFECF /* VelogOnMobile */,
				91487EBF29FC380A009CFECF /* Products */,
				91E442A22A110190008CB516 /* Frameworks */,
			);
			sourceTree = "<group>";
		};
		91487EBF29FC380A009CFECF /* Products */ = {
			isa = PBXGroup;
			children = (
				91487EBE29FC380A009CFECF /* VelogOnMobile.app */,
			);
			name = Products;
			sourceTree = "<group>";
		};
		91487EC029FC380A009CFECF /* VelogOnMobile */ = {
			isa = PBXGroup;
			children = (
				916FDCFA2A17E9E700BB1E16 /* Common */,
				913441E229FFD5BE000E1ED1 /* Network */,
				91487EDE29FC3946009CFECF /* Feature */,
				91487EDF29FC3950009CFECF /* Global */,
			);
			path = VelogOnMobile;
			sourceTree = "<group>";
		};
		91487EDE29FC3946009CFECF /* Feature */ = {
			isa = PBXGroup;
			children = (
				91CCEA2E2A0CDDA8001362AD /* OnBoarding */,
				917BA32F2A03D8C2000409B7 /* Storage */,
				91487F4E29FD9902009CFECF /* TabBar */,
				91487F4829FD9663009CFECF /* Search */,
				91487EE229FC39AF009CFECF /* SignIn */,
				91487EE329FC39BB009CFECF /* SignUp */,
				91487EE529FC39D8009CFECF /* Posts */,
				91487EE429FC39C3009CFECF /* List */,
				91487F2329FC5F65009CFECF /* Notification */,
				91487EE629FC39E8009CFECF /* Setting */,
			);
			path = Feature;
			sourceTree = "<group>";
		};
		91487EDF29FC3950009CFECF /* Global */ = {
			isa = PBXGroup;
			children = (
				916FDCFB2A17EA0700BB1E16 /* App */,
				916FDCFC2A17EA2A00BB1E16 /* Config */,
				91487EE129FC399E009CFECF /* Resource */,
				916FDCFD2A17EA7500BB1E16 /* Util */,
			);
			path = Global;
			sourceTree = "<group>";
		};
		91487EE129FC399E009CFECF /* Resource */ = {
			isa = PBXGroup;
			children = (
				91487ECA29FC380C009CFECF /* Assets.xcassets */,
				91487ECC29FC380C009CFECF /* LaunchScreen.storyboard */,
			);
			path = Resource;
			sourceTree = "<group>";
		};
		91487EE229FC39AF009CFECF /* SignIn */ = {
			isa = PBXGroup;
			children = (
				91487EC529FC380A009CFECF /* SignInViewController.swift */,
			);
			path = SignIn;
			sourceTree = "<group>";
		};
		91487EE329FC39BB009CFECF /* SignUp */ = {
			isa = PBXGroup;
			children = (
				91487EE729FC3A19009CFECF /* SignUpViewController.swift */,
			);
			path = SignUp;
			sourceTree = "<group>";
		};
		91487EE429FC39C3009CFECF /* List */ = {
			isa = PBXGroup;
			children = (
				91487F4129FD8ABF009CFECF /* ViewModel */,
				91487F3F29FD8A95009CFECF /* ViewController */,
				91487F3E29FD895D009CFECF /* View */,
			);
			path = List;
			sourceTree = "<group>";
		};
		91487EE529FC39D8009CFECF /* Posts */ = {
			isa = PBXGroup;
			children = (
				914D8DD72A02B17000516B4C /* WebView */,
				91487F6229FDA348009CFECF /* TabMan */,
				91487F5729FDA256009CFECF /* KeywordPosts */,
				91487F0929FC45AD009CFECF /* SubscriberPosts */,
			);
			path = Posts;
			sourceTree = "<group>";
		};
		91487EE629FC39E8009CFECF /* Setting */ = {
			isa = PBXGroup;
			children = (
				9134422129FFEF7E000E1ED1 /* ViewController */,
				9134422029FFEF74000E1ED1 /* View */,
			);
			path = Setting;
			sourceTree = "<group>";
		};
		91487EF029FC3AA3009CFECF /* Base */ = {
			isa = PBXGroup;
			children = (
				91487EF129FC3AAE009CFECF /* BaseViewController.swift */,
				91487EF329FC3AD8009CFECF /* BaseUIView.swift */,
				91487EF529FC3AEF009CFECF /* BaseTableViewCell.swift */,
				91487EF729FC3B01009CFECF /* BaseCollectionViewCell.swift */,
				91CCEA3B2A0D017A001362AD /* PostTagUIButton.swift */,
				91E442862A10F385008CB516 /* RxBaseViewController.swift */,
				91E4428A2A10F3C7008CB516 /* BaseViewModel.swift */,
			);
			path = Base;
			sourceTree = "<group>";
		};
		91487EF929FC3B28009CFECF /* Extension */ = {
			isa = PBXGroup;
			children = (
				91487EFA29FC3B6A009CFECF /* UIColor+Extension.swift */,
				91487F0F29FC4736009CFECF /* UIStackView+Extension.swift */,
				91487F1129FC47CE009CFECF /* UIView+Extension.swift */,
			);
			path = Extension;
			sourceTree = "<group>";
		};
		91487EFC29FC3BBC009CFECF /* Literal */ = {
			isa = PBXGroup;
			children = (
				91487EFD29FC3BD0009CFECF /* ImageLiterals.swift */,
				91487EFF29FC3BFE009CFECF /* TextLiterals.swift */,
				91487F0129FC3C16009CFECF /* SizeLiterals.swift */,
			);
			path = Literal;
			sourceTree = "<group>";
		};
		91487F0929FC45AD009CFECF /* SubscriberPosts */ = {
			isa = PBXGroup;
			children = (
				914D8DD22A02A4A300516B4C /* ViewModel */,
				91487F6029FDA32E009CFECF /* ViewController */,
				91487F6129FDA33A009CFECF /* View */,
			);
			path = SubscriberPosts;
			sourceTree = "<group>";
		};
		91487F1529FC5463009CFECF /* NetworkMonitor */ = {
			isa = PBXGroup;
			children = (
				91487F1629FC5481009CFECF /* NetworkMonitor.swift */,
				91487F1829FC549C009CFECF /* NoNetworkView.swift */,
			);
			path = NetworkMonitor;
			sourceTree = "<group>";
		};
		91487F2329FC5F65009CFECF /* Notification */ = {
			isa = PBXGroup;
			children = (
				91487F2429FC5F7C009CFECF /* NotificationViewController.swift */,
			);
			path = Notification;
			sourceTree = "<group>";
		};
		91487F2B29FD07F7009CFECF /* SubscriberSearch */ = {
			isa = PBXGroup;
			children = (
				914D8DCC2A02416300516B4C /* ViewModel */,
				91487F5529FDA227009CFECF /* ViewController */,
				91487F5629FDA231009CFECF /* View */,
			);
			path = SubscriberSearch;
			sourceTree = "<group>";
		};
		91487F3E29FD895D009CFECF /* View */ = {
			isa = PBXGroup;
			children = (
				9134422629FFF9BC000E1ED1 /* ListView.swift */,
				91487F3A29FD892B009CFECF /* ListTableView.swift */,
				91487F3C29FD893D009CFECF /* ListHeadView.swift */,
				91487F3829FD8915009CFECF /* ListTableViewCell.swift */,
			);
			path = View;
			sourceTree = "<group>";
		};
		91487F3F29FD8A95009CFECF /* ViewController */ = {
			isa = PBXGroup;
			children = (
				91487F3629FD88E7009CFECF /* ListViewController.swift */,
			);
			path = ViewController;
			sourceTree = "<group>";
		};
		91487F4129FD8ABF009CFECF /* ViewModel */ = {
			isa = PBXGroup;
			children = (
				91487F4229FD8AC9009CFECF /* ListViewModel.swift */,
			);
			path = ViewModel;
			sourceTree = "<group>";
		};
		91487F4829FD9663009CFECF /* Search */ = {
			isa = PBXGroup;
			children = (
				91487F4929FD966B009CFECF /* TagSearch */,
				91487F2B29FD07F7009CFECF /* SubscriberSearch */,
			);
			path = Search;
			sourceTree = "<group>";
		};
		91487F4929FD966B009CFECF /* TagSearch */ = {
			isa = PBXGroup;
			children = (
				91DEF3DB2A017764001B6A9D /* ViewModel */,
				91487F5329FDA213009CFECF /* ViewController */,
				91487F5429FDA21F009CFECF /* View */,
			);
			path = TagSearch;
			sourceTree = "<group>";
		};
		91487F4E29FD9902009CFECF /* TabBar */ = {
			isa = PBXGroup;
			children = (
				91487F2129FC5F2A009CFECF /* TabBarController.swift */,
			);
			path = TabBar;
			sourceTree = "<group>";
		};
		91487F5329FDA213009CFECF /* ViewController */ = {
			isa = PBXGroup;
			children = (
				91487F4C29FD9858009CFECF /* TagSearchViewController.swift */,
			);
			path = ViewController;
			sourceTree = "<group>";
		};
		91487F5429FDA21F009CFECF /* View */ = {
			isa = PBXGroup;
			children = (
				91487F4A29FD9838009CFECF /* TagSearchView.swift */,
			);
			path = View;
			sourceTree = "<group>";
		};
		91487F5529FDA227009CFECF /* ViewController */ = {
			isa = PBXGroup;
			children = (
				91487F2C29FD0812009CFECF /* SubscriberSearchViewController.swift */,
			);
			path = ViewController;
			sourceTree = "<group>";
		};
		91487F5629FDA231009CFECF /* View */ = {
			isa = PBXGroup;
			children = (
				91487F2E29FD1A66009CFECF /* SubscriberSearchView.swift */,
			);
			path = View;
			sourceTree = "<group>";
		};
		91487F5729FDA256009CFECF /* KeywordPosts */ = {
			isa = PBXGroup;
			children = (
				914D8DCF2A028ADE00516B4C /* ViewModel */,
				91487F5F29FDA2F8009CFECF /* ViewController */,
				91487F5E29FDA2F0009CFECF /* View */,
			);
			path = KeywordPosts;
			sourceTree = "<group>";
		};
		91487F5E29FDA2F0009CFECF /* View */ = {
			isa = PBXGroup;
			children = (
				913442282A0001EC000E1ED1 /* KeywordsPostsView.swift */,
				91487F5A29FDA287009CFECF /* KeywordsTableView.swift */,
				91487F5829FDA269009CFECF /* KeywordsTableViewCell.swift */,
			);
			path = View;
			sourceTree = "<group>";
		};
		91487F5F29FDA2F8009CFECF /* ViewController */ = {
			isa = PBXGroup;
			children = (
				91487F5C29FDA2C0009CFECF /* KeywordsPostsViewController.swift */,
			);
			path = ViewController;
			sourceTree = "<group>";
		};
		91487F6029FDA32E009CFECF /* ViewController */ = {
			isa = PBXGroup;
			children = (
				91487EEC29FC3A3E009CFECF /* SubscribePostsViewController.swift */,
			);
			path = ViewController;
			sourceTree = "<group>";
		};
		91487F6129FDA33A009CFECF /* View */ = {
			isa = PBXGroup;
			children = (
				9134422A2A00027D000E1ED1 /* SubscribersPostsView.swift */,
				91487F1329FC489C009CFECF /* PostsTableView.swift */,
				91487F0A29FC45E9009CFECF /* SubscribersPostsTableViewCell.swift */,
			);
			path = View;
			sourceTree = "<group>";
		};
		91487F6229FDA348009CFECF /* TabMan */ = {
			isa = PBXGroup;
			children = (
				91487F2929FD0693009CFECF /* PostsTabManViewController.swift */,
			);
			path = TabMan;
			sourceTree = "<group>";
		};
		914D8DCC2A02416300516B4C /* ViewModel */ = {
			isa = PBXGroup;
			children = (
				914D8DCD2A02417C00516B4C /* SubscriberSearchViewModel.swift */,
			);
			path = ViewModel;
			sourceTree = "<group>";
		};
		914D8DCF2A028ADE00516B4C /* ViewModel */ = {
			isa = PBXGroup;
			children = (
				914D8DD02A028AED00516B4C /* KeywordsPostsViewModel.swift */,
			);
			path = ViewModel;
			sourceTree = "<group>";
		};
		914D8DD22A02A4A300516B4C /* ViewModel */ = {
			isa = PBXGroup;
			children = (
				914D8DD32A02A4B500516B4C /* SubscriberPostsViewModel.swift */,
			);
			path = ViewModel;
			sourceTree = "<group>";
		};
		914D8DD72A02B17000516B4C /* WebView */ = {
			isa = PBXGroup;
			children = (
				914D8DD82A02B22A00516B4C /* WebViewController.swift */,
			);
			path = WebView;
			sourceTree = "<group>";
		};
		916FDCFA2A17E9E700BB1E16 /* Common */ = {
			isa = PBXGroup;
			children = (
				917BA3842A07C2B7000409B7 /* Protocol */,
				913441F729FFD760000E1ED1 /* DTO */,
			);
			path = Common;
			sourceTree = "<group>";
		};
		916FDCFB2A17EA0700BB1E16 /* App */ = {
			isa = PBXGroup;
			children = (
				91487EC129FC380A009CFECF /* AppDelegate.swift */,
				91487EC329FC380A009CFECF /* SceneDelegate.swift */,
				91487EF029FC3AA3009CFECF /* Base */,
			);
			path = App;
			sourceTree = "<group>";
		};
		916FDCFC2A17EA2A00BB1E16 /* Config */ = {
			isa = PBXGroup;
			children = (
				91487ECF29FC380C009CFECF /* Info.plist */,
			);
			path = Config;
			sourceTree = "<group>";
		};
		916FDCFD2A17EA7500BB1E16 /* Util */ = {
			isa = PBXGroup;
			children = (
				917BA34F2A0508DF000409B7 /* Realm */,
				91CC1D4A2A0AD7B7006BF786 /* Loading */,
				91487EFC29FC3BBC009CFECF /* Literal */,
				91487EF929FC3B28009CFECF /* Extension */,
				91CCEA5E2A0E9CBC001362AD /* Haptic */,
			);
			path = Util;
			sourceTree = "<group>";
		};
		917BA32F2A03D8C2000409B7 /* Storage */ = {
			isa = PBXGroup;
			children = (
				917BA3462A050635000409B7 /* ViewModel */,
				917BA3372A03E332000409B7 /* ViewController */,
				917BA3362A03E325000409B7 /* View */,
			);
			path = Storage;
			sourceTree = "<group>";
		};
		917BA3362A03E325000409B7 /* View */ = {
			isa = PBXGroup;
			children = (
				917BA3322A03D8F7000409B7 /* StorageView.swift */,
				917BA3342A03E14A000409B7 /* StorageHeadView.swift */,
				917BA33E2A03E8A1000409B7 /* StorageTableView.swift */,
				917BA3402A03E8FE000409B7 /* StorageTableViewCell.swift */,
			);
			path = View;
			sourceTree = "<group>";
		};
		917BA3372A03E332000409B7 /* ViewController */ = {
			isa = PBXGroup;
			children = (
				917BA3302A03D8EF000409B7 /* StorageViewController.swift */,
			);
			path = ViewController;
			sourceTree = "<group>";
		};
		917BA3462A050635000409B7 /* ViewModel */ = {
			isa = PBXGroup;
			children = (
				917BA3442A050631000409B7 /* StorageViewModel.swift */,
			);
			path = ViewModel;
			sourceTree = "<group>";
		};
		917BA34F2A0508DF000409B7 /* Realm */ = {
			isa = PBXGroup;
			children = (
				917BA3532A0509C9000409B7 /* Service */,
				917BA3502A0508EA000409B7 /* DTO */,
			);
			path = Realm;
			sourceTree = "<group>";
		};
		917BA3502A0508EA000409B7 /* DTO */ = {
			isa = PBXGroup;
			children = (
				917BA3512A050903000409B7 /* RealmStoragePost.swift */,
			);
			path = DTO;
			sourceTree = "<group>";
		};
		917BA3532A0509C9000409B7 /* Service */ = {
			isa = PBXGroup;
			children = (
				917BA3542A0509D8000409B7 /* RealmService.swift */,
			);
			path = Service;
			sourceTree = "<group>";
		};
		917BA3842A07C2B7000409B7 /* Protocol */ = {
			isa = PBXGroup;
			children = (
				917BA3872A07C541000409B7 /* SubscriberSearchProtocol.swift */,
				91CC1D522A0C0BCD006BF786 /* TagSearchProtocol.swift */,
			);
			path = Protocol;
			sourceTree = "<group>";
		};
		91CC1D4A2A0AD7B7006BF786 /* Loading */ = {
			isa = PBXGroup;
			children = (
				91CC1D4B2A0AD7C2006BF786 /* LoadingView.swift */,
			);
			path = Loading;
			sourceTree = "<group>";
		};
		91CCEA2E2A0CDDA8001362AD /* OnBoarding */ = {
			isa = PBXGroup;
			children = (
				91CCEA332A0CDDE7001362AD /* ViewController */,
				91CCEA342A0CDDF6001362AD /* View */,
			);
			path = OnBoarding;
			sourceTree = "<group>";
		};
		91CCEA332A0CDDE7001362AD /* ViewController */ = {
			isa = PBXGroup;
			children = (
				91CCEA2F2A0CDDBD001362AD /* OnBoardingViewController.swift */,
			);
			path = ViewController;
			sourceTree = "<group>";
		};
		91CCEA342A0CDDF6001362AD /* View */ = {
			isa = PBXGroup;
			children = (
				91CCEA312A0CDDE4001362AD /* OnBoardingView.swift */,
			);
			path = View;
			sourceTree = "<group>";
		};
		91CCEA5E2A0E9CBC001362AD /* Haptic */ = {
			isa = PBXGroup;
			children = (
				91CCEA5F2A0E9CC9001362AD /* HapticService.swift */,
			);
			path = Haptic;
			sourceTree = "<group>";
		};
		91DEF3DB2A017764001B6A9D /* ViewModel */ = {
			isa = PBXGroup;
			children = (
				91DEF3DC2A017774001B6A9D /* TagSearchViewModel.swift */,
			);
			path = ViewModel;
			sourceTree = "<group>";
		};
		91E442A22A110190008CB516 /* Frameworks */ = {
			isa = PBXGroup;
			children = (
				91E442A32A110191008CB516 /* XCTest.framework */,
			);
			name = Frameworks;
			sourceTree = "<group>";
		};
		91ED17852A00E55600158787 /* Protocol */ = {
			isa = PBXGroup;
			children = (
				91ED17862A00E57700158787 /* TagRepository.swift */,
				91ED17882A00E58D00158787 /* SubscriberRepository.swift */,
				91ED178A2A00E59900158787 /* PostsRepository.swift */,
				91ED178C2A00E5A600158787 /* SignRepository.swift */,
				91ED178E2A00E5B100158787 /* NotificationRepository.swift */,
			);
			path = Protocol;
			sourceTree = "<group>";
		};
		91ED17942A00EAE200158787 /* ErrorDTO */ = {
			isa = PBXGroup;
			children = (
				91ED17922A00EA8F00158787 /* ErrorResponse.swift */,
			);
			path = ErrorDTO;
			sourceTree = "<group>";
		};
		91ED179B2A00F2DB00158787 /* BaseRepository */ = {
			isa = PBXGroup;
			children = (
				91ED17992A00F00800158787 /* BaseRepository.swift */,
			);
			path = BaseRepository;
			sourceTree = "<group>";
		};
		91ED179C2A00F2FE00158787 /* ResponseData */ = {
			isa = PBXGroup;
			children = (
				91ED17902A00E92800158787 /* ResponseData.swift */,
			);
			path = ResponseData;
			sourceTree = "<group>";
		};
		91ED179D2A00F73200158787 /* NetworkCommon */ = {
			isa = PBXGroup;
			children = (
				913441E529FFD611000E1ED1 /* MoyaPluggin */,
				91487F1529FC5463009CFECF /* NetworkMonitor */,
				913441E829FFD63A000E1ED1 /* Foundation */,
			);
			path = NetworkCommon;
			sourceTree = "<group>";
		};
/* End PBXGroup section */

/* Begin PBXNativeTarget section */
		91487EBD29FC380A009CFECF /* VelogOnMobile */ = {
			isa = PBXNativeTarget;
			buildConfigurationList = 91487ED229FC380C009CFECF /* Build configuration list for PBXNativeTarget "VelogOnMobile" */;
			buildPhases = (
				91487EBA29FC380A009CFECF /* Sources */,
				91487EBB29FC380A009CFECF /* Frameworks */,
				91487EBC29FC380A009CFECF /* Resources */,
			);
			buildRules = (
			);
			dependencies = (
			);
			name = VelogOnMobile;
			packageProductDependencies = (
				91487ED629FC38CC009CFECF /* SnapKit */,
				91487ED929FC3921009CFECF /* Moya */,
				91487F0D29FC4656009CFECF /* Kingfisher */,
				91487F2729FD0641009CFECF /* Tabman */,
				914D8DDB2A02B68200516B4C /* NVActivityIndicatorView */,
				917BA34B2A050861000409B7 /* Realm */,
				917BA34D2A050861000409B7 /* RealmSwift */,
				91E442A72A11031D008CB516 /* RxBlocking */,
				91E442A92A11031D008CB516 /* RxCocoa */,
				91E442AB2A11031D008CB516 /* RxRelay */,
				91E442AD2A11031D008CB516 /* RxSwift */,
			);
			productName = VelogOnMobile;
			productReference = 91487EBE29FC380A009CFECF /* VelogOnMobile.app */;
			productType = "com.apple.product-type.application";
		};
/* End PBXNativeTarget section */

/* Begin PBXProject section */
		91487EB629FC380A009CFECF /* Project object */ = {
			isa = PBXProject;
			attributes = {
				BuildIndependentTargetsInParallel = 1;
				LastSwiftUpdateCheck = 1420;
				LastUpgradeCheck = 1420;
				TargetAttributes = {
					91487EBD29FC380A009CFECF = {
						CreatedOnToolsVersion = 14.2;
					};
				};
			};
			buildConfigurationList = 91487EB929FC380A009CFECF /* Build configuration list for PBXProject "VelogOnMobile" */;
			compatibilityVersion = "Xcode 14.0";
			developmentRegion = en;
			hasScannedForEncodings = 0;
			knownRegions = (
				en,
				Base,
			);
			mainGroup = 91487EB529FC380A009CFECF;
			packageReferences = (
				91487ED529FC38CC009CFECF /* XCRemoteSwiftPackageReference "SnapKit" */,
				91487ED829FC3921009CFECF /* XCRemoteSwiftPackageReference "Moya" */,
				91487F0C29FC4656009CFECF /* XCRemoteSwiftPackageReference "Kingfisher" */,
				91487F2629FD0641009CFECF /* XCRemoteSwiftPackageReference "Tabman" */,
				914D8DDA2A02B68200516B4C /* XCRemoteSwiftPackageReference "NVActivityIndicatorView" */,
				917BA34A2A050861000409B7 /* XCRemoteSwiftPackageReference "realm-swift" */,
				91E442A62A11031D008CB516 /* XCRemoteSwiftPackageReference "RxSwift" */,
			);
			productRefGroup = 91487EBF29FC380A009CFECF /* Products */;
			projectDirPath = "";
			projectRoot = "";
			targets = (
				91487EBD29FC380A009CFECF /* VelogOnMobile */,
			);
		};
/* End PBXProject section */

/* Begin PBXResourcesBuildPhase section */
		91487EBC29FC380A009CFECF /* Resources */ = {
			isa = PBXResourcesBuildPhase;
			buildActionMask = 2147483647;
			files = (
				91487ECE29FC380C009CFECF /* LaunchScreen.storyboard in Resources */,
				91487ECB29FC380C009CFECF /* Assets.xcassets in Resources */,
			);
			runOnlyForDeploymentPostprocessing = 0;
		};
/* End PBXResourcesBuildPhase section */

/* Begin PBXSourcesBuildPhase section */
		91487EBA29FC380A009CFECF /* Sources */ = {
			isa = PBXSourcesBuildPhase;
			buildActionMask = 2147483647;
			files = (
				91487EC629FC380A009CFECF /* SignInViewController.swift in Sources */,
				9134423E2A004BA8000E1ED1 /* DefaultSignRepository.swift in Sources */,
				91487EC229FC380A009CFECF /* AppDelegate.swift in Sources */,
				913442322A004663000E1ED1 /* PostsAPI.swift in Sources */,
				91ED178D2A00E5A600158787 /* SignRepository.swift in Sources */,
				91487F1029FC4736009CFECF /* UIStackView+Extension.swift in Sources */,
				9134423A2A004B9B000E1ED1 /* DefaultSubscriberRepository.swift in Sources */,
				91487EEF29FC3A4D009CFECF /* SettingViewController.swift in Sources */,
				9134421D29FFEAC9000E1ED1 /* BroadcastResponse.swift in Sources */,
				917BA3552A0509D8000409B7 /* RealmService.swift in Sources */,
				91487EFB29FC3B6A009CFECF /* UIColor+Extension.swift in Sources */,
				913442302A004352000E1ED1 /* SubscriberAPI.swift in Sources */,
				91CCEA602A0E9CC9001362AD /* HapticService.swift in Sources */,
				9134420929FFDA32000E1ED1 /* SignOutRequest.swift in Sources */,
				91487EE829FC3A19009CFECF /* SignUpViewController.swift in Sources */,
				91487F0229FC3C16009CFECF /* SizeLiterals.swift in Sources */,
				91487EF829FC3B01009CFECF /* BaseCollectionViewCell.swift in Sources */,
				91ED17912A00E92800158787 /* ResponseData.swift in Sources */,
				9134421F29FFEAF7000E1ED1 /* BroadcastRequest.swift in Sources */,
				91487F4B29FD9838009CFECF /* TagSearchView.swift in Sources */,
				91487F0029FC3BFE009CFECF /* TextLiterals.swift in Sources */,
				91487F4D29FD9858009CFECF /* TagSearchViewController.swift in Sources */,
				914D8DD12A028AED00516B4C /* KeywordsPostsViewModel.swift in Sources */,
				917BA3312A03D8EF000409B7 /* StorageViewController.swift in Sources */,
				913442362A00491C000E1ED1 /* NotificationAPI.swift in Sources */,
				9134422B2A00027D000E1ED1 /* SubscribersPostsView.swift in Sources */,
				913442382A004B91000E1ED1 /* DefaultTagRepository.swift in Sources */,
				9134422D2A00418A000E1ED1 /* URLConstants.swift in Sources */,
				91487F2F29FD1A67009CFECF /* SubscriberSearchView.swift in Sources */,
				91487EFE29FC3BD0009CFECF /* ImageLiterals.swift in Sources */,
				9134422329FFF59D000E1ED1 /* SettingTableView.swift in Sources */,
				91487EED29FC3A3E009CFECF /* SubscribePostsViewController.swift in Sources */,
				9134421129FFDB5D000E1ED1 /* SearchSubscriberResponse.swift in Sources */,
				91487F2A29FD0693009CFECF /* PostsTabManViewController.swift in Sources */,
				9134421329FFDBE8000E1ED1 /* GetSubscriberPostResponse.swift in Sources */,
				917BA3522A050903000409B7 /* RealmStoragePost.swift in Sources */,
				91CC1D532A0C0BCD006BF786 /* TagSearchProtocol.swift in Sources */,
				917BA3452A050631000409B7 /* StorageViewModel.swift in Sources */,
				913441FB29FFD8AC000E1ED1 /* SignInRequest.swift in Sources */,
				913442342A004795000E1ED1 /* SignAPI.swift in Sources */,
				9134421A29FFE692000E1ED1 /* GetTagPostResponse.swift in Sources */,
				91DEF3DD2A017774001B6A9D /* TagSearchViewModel.swift in Sources */,
				91ED17872A00E57700158787 /* TagRepository.swift in Sources */,
				91487F1429FC489C009CFECF /* PostsTableView.swift in Sources */,
				917BA3432A0503D5000409B7 /* StoragePost.swift in Sources */,
				91487F5D29FDA2C0009CFECF /* KeywordsPostsViewController.swift in Sources */,
				913442292A0001EC000E1ED1 /* KeywordsPostsView.swift in Sources */,
				91487EF229FC3AAE009CFECF /* BaseViewController.swift in Sources */,
				913441E729FFD622000E1ED1 /* MoyaLoggerPlugin.swift in Sources */,
				91487F1229FC47CE009CFECF /* UIView+Extension.swift in Sources */,
				91487EC429FC380A009CFECF /* SceneDelegate.swift in Sources */,
				91CCEA322A0CDDE4001362AD /* OnBoardingView.swift in Sources */,
				91E4428B2A10F3C7008CB516 /* BaseViewModel.swift in Sources */,
				9134422729FFF9BC000E1ED1 /* ListView.swift in Sources */,
				91487F5B29FDA287009CFECF /* KeywordsTableView.swift in Sources */,
				91CCEA302A0CDDBD001362AD /* OnBoardingViewController.swift in Sources */,
				91CCEA3C2A0D017A001362AD /* PostTagUIButton.swift in Sources */,
				91487F2229FC5F2A009CFECF /* TabBarController.swift in Sources */,
				917BA3332A03D8F7000409B7 /* StorageView.swift in Sources */,
				91487EF629FC3AEF009CFECF /* BaseTableViewCell.swift in Sources */,
				9134421529FFDC9C000E1ED1 /* UnSubsribeResponse.swift in Sources */,
				9134420529FFD965000E1ED1 /* SignInResponse.swift in Sources */,
				914D8DD42A02A4B500516B4C /* SubscriberPostsViewModel.swift in Sources */,
				913441F429FFD742000E1ED1 /* TagAPI.swift in Sources */,
				91ED17932A00EA8F00158787 /* ErrorResponse.swift in Sources */,
				91487F5229FDA143009CFECF /* SettingTableViewCell.swift in Sources */,
				913441F029FFD6FB000E1ED1 /* NetworkService.swift in Sources */,
				91487F3D29FD893D009CFECF /* ListHeadView.swift in Sources */,
				913442402A004BB1000E1ED1 /* DefaultNotificationRepository.swift in Sources */,
				91487F4329FD8AC9009CFECF /* ListViewModel.swift in Sources */,
				91ED179A2A00F00800158787 /* BaseRepository.swift in Sources */,
				917BA3412A03E8FE000409B7 /* StorageTableViewCell.swift in Sources */,
				913441F929FFD776000E1ED1 /* SignUpRequest.swift in Sources */,
				91487F1929FC549C009CFECF /* NoNetworkView.swift in Sources */,
				917BA33F2A03E8A1000409B7 /* StorageTableView.swift in Sources */,
				913441EC29FFD673000E1ED1 /* BaseURLConstant.swift in Sources */,
				91ED178F2A00E5B100158787 /* NotificationRepository.swift in Sources */,
				91487F2529FC5F7C009CFECF /* NotificationViewController.swift in Sources */,
				9134420729FFD9F9000E1ED1 /* SignUpResponse.swift in Sources */,
				91ED178B2A00E59900158787 /* PostsRepository.swift in Sources */,
				91CC1D2C2A0A7D40006BF786 /* JoinGroupRequest.swift in Sources */,
				91487F3B29FD892B009CFECF /* ListTableView.swift in Sources */,
				917BA3882A07C541000409B7 /* SubscriberSearchProtocol.swift in Sources */,
				913441EE29FFD6E3000E1ED1 /* NetworkResult.swift in Sources */,
				9134422529FFF7C8000E1ED1 /* SettingView.swift in Sources */,
				91E442872A10F385008CB516 /* RxBaseViewController.swift in Sources */,
				9134423C2A004BA2000E1ED1 /* DefaultPostsRepository.swift in Sources */,
				91487F2D29FD0812009CFECF /* SubscriberSearchViewController.swift in Sources */,
				91487F1729FC5481009CFECF /* NetworkMonitor.swift in Sources */,
				917BA3352A03E14A000409B7 /* StorageHeadView.swift in Sources */,
				914D8DCE2A02417C00516B4C /* SubscriberSearchViewModel.swift in Sources */,
				91487F3929FD8915009CFECF /* ListTableViewCell.swift in Sources */,
				913441EA29FFD649000E1ED1 /* BaseTargetType.swift in Sources */,
				91487EF429FC3AD8009CFECF /* BaseUIView.swift in Sources */,
				9134420B29FFDA71000E1ED1 /* SignOutResponse.swift in Sources */,
				914D8DD92A02B22A00516B4C /* WebViewController.swift in Sources */,
				91487F5929FDA269009CFECF /* KeywordsTableViewCell.swift in Sources */,
				91ED17892A00E58D00158787 /* SubscriberRepository.swift in Sources */,
				91487F3729FD88E7009CFECF /* ListViewController.swift in Sources */,
				91CC1D4C2A0AD7C2006BF786 /* LoadingView.swift in Sources */,
				91487F0B29FC45E9009CFECF /* SubscribersPostsTableViewCell.swift in Sources */,
			);
			runOnlyForDeploymentPostprocessing = 0;
		};
/* End PBXSourcesBuildPhase section */

/* Begin PBXVariantGroup section */
		91487ECC29FC380C009CFECF /* LaunchScreen.storyboard */ = {
			isa = PBXVariantGroup;
			children = (
				91487ECD29FC380C009CFECF /* Base */,
			);
			name = LaunchScreen.storyboard;
			sourceTree = "<group>";
		};
/* End PBXVariantGroup section */

/* Begin XCBuildConfiguration section */
		91487ED029FC380C009CFECF /* Debug */ = {
			isa = XCBuildConfiguration;
			buildSettings = {
				ALWAYS_SEARCH_USER_PATHS = NO;
				CLANG_ANALYZER_NONNULL = YES;
				CLANG_ANALYZER_NUMBER_OBJECT_CONVERSION = YES_AGGRESSIVE;
				CLANG_CXX_LANGUAGE_STANDARD = "gnu++20";
				CLANG_ENABLE_MODULES = YES;
				CLANG_ENABLE_OBJC_ARC = YES;
				CLANG_ENABLE_OBJC_WEAK = YES;
				CLANG_WARN_BLOCK_CAPTURE_AUTORELEASING = YES;
				CLANG_WARN_BOOL_CONVERSION = YES;
				CLANG_WARN_COMMA = YES;
				CLANG_WARN_CONSTANT_CONVERSION = YES;
				CLANG_WARN_DEPRECATED_OBJC_IMPLEMENTATIONS = YES;
				CLANG_WARN_DIRECT_OBJC_ISA_USAGE = YES_ERROR;
				CLANG_WARN_DOCUMENTATION_COMMENTS = YES;
				CLANG_WARN_EMPTY_BODY = YES;
				CLANG_WARN_ENUM_CONVERSION = YES;
				CLANG_WARN_INFINITE_RECURSION = YES;
				CLANG_WARN_INT_CONVERSION = YES;
				CLANG_WARN_NON_LITERAL_NULL_CONVERSION = YES;
				CLANG_WARN_OBJC_IMPLICIT_RETAIN_SELF = YES;
				CLANG_WARN_OBJC_LITERAL_CONVERSION = YES;
				CLANG_WARN_OBJC_ROOT_CLASS = YES_ERROR;
				CLANG_WARN_QUOTED_INCLUDE_IN_FRAMEWORK_HEADER = YES;
				CLANG_WARN_RANGE_LOOP_ANALYSIS = YES;
				CLANG_WARN_STRICT_PROTOTYPES = YES;
				CLANG_WARN_SUSPICIOUS_MOVE = YES;
				CLANG_WARN_UNGUARDED_AVAILABILITY = YES_AGGRESSIVE;
				CLANG_WARN_UNREACHABLE_CODE = YES;
				CLANG_WARN__DUPLICATE_METHOD_MATCH = YES;
				COPY_PHASE_STRIP = NO;
				DEBUG_INFORMATION_FORMAT = dwarf;
				ENABLE_STRICT_OBJC_MSGSEND = YES;
				ENABLE_TESTABILITY = YES;
				GCC_C_LANGUAGE_STANDARD = gnu11;
				GCC_DYNAMIC_NO_PIC = NO;
				GCC_NO_COMMON_BLOCKS = YES;
				GCC_OPTIMIZATION_LEVEL = 0;
				GCC_PREPROCESSOR_DEFINITIONS = (
					"DEBUG=1",
					"$(inherited)",
				);
				GCC_WARN_64_TO_32_BIT_CONVERSION = YES;
				GCC_WARN_ABOUT_RETURN_TYPE = YES_ERROR;
				GCC_WARN_UNDECLARED_SELECTOR = YES;
				GCC_WARN_UNINITIALIZED_AUTOS = YES_AGGRESSIVE;
				GCC_WARN_UNUSED_FUNCTION = YES;
				GCC_WARN_UNUSED_VARIABLE = YES;
				IPHONEOS_DEPLOYMENT_TARGET = 15.5;
				MTL_ENABLE_DEBUG_INFO = INCLUDE_SOURCE;
				MTL_FAST_MATH = YES;
				ONLY_ACTIVE_ARCH = YES;
				SDKROOT = iphoneos;
				SWIFT_ACTIVE_COMPILATION_CONDITIONS = DEBUG;
				SWIFT_OPTIMIZATION_LEVEL = "-Onone";
			};
			name = Debug;
		};
		91487ED129FC380C009CFECF /* Release */ = {
			isa = XCBuildConfiguration;
			buildSettings = {
				ALWAYS_SEARCH_USER_PATHS = NO;
				CLANG_ANALYZER_NONNULL = YES;
				CLANG_ANALYZER_NUMBER_OBJECT_CONVERSION = YES_AGGRESSIVE;
				CLANG_CXX_LANGUAGE_STANDARD = "gnu++20";
				CLANG_ENABLE_MODULES = YES;
				CLANG_ENABLE_OBJC_ARC = YES;
				CLANG_ENABLE_OBJC_WEAK = YES;
				CLANG_WARN_BLOCK_CAPTURE_AUTORELEASING = YES;
				CLANG_WARN_BOOL_CONVERSION = YES;
				CLANG_WARN_COMMA = YES;
				CLANG_WARN_CONSTANT_CONVERSION = YES;
				CLANG_WARN_DEPRECATED_OBJC_IMPLEMENTATIONS = YES;
				CLANG_WARN_DIRECT_OBJC_ISA_USAGE = YES_ERROR;
				CLANG_WARN_DOCUMENTATION_COMMENTS = YES;
				CLANG_WARN_EMPTY_BODY = YES;
				CLANG_WARN_ENUM_CONVERSION = YES;
				CLANG_WARN_INFINITE_RECURSION = YES;
				CLANG_WARN_INT_CONVERSION = YES;
				CLANG_WARN_NON_LITERAL_NULL_CONVERSION = YES;
				CLANG_WARN_OBJC_IMPLICIT_RETAIN_SELF = YES;
				CLANG_WARN_OBJC_LITERAL_CONVERSION = YES;
				CLANG_WARN_OBJC_ROOT_CLASS = YES_ERROR;
				CLANG_WARN_QUOTED_INCLUDE_IN_FRAMEWORK_HEADER = YES;
				CLANG_WARN_RANGE_LOOP_ANALYSIS = YES;
				CLANG_WARN_STRICT_PROTOTYPES = YES;
				CLANG_WARN_SUSPICIOUS_MOVE = YES;
				CLANG_WARN_UNGUARDED_AVAILABILITY = YES_AGGRESSIVE;
				CLANG_WARN_UNREACHABLE_CODE = YES;
				CLANG_WARN__DUPLICATE_METHOD_MATCH = YES;
				COPY_PHASE_STRIP = NO;
				DEBUG_INFORMATION_FORMAT = "dwarf-with-dsym";
				ENABLE_NS_ASSERTIONS = NO;
				ENABLE_STRICT_OBJC_MSGSEND = YES;
				GCC_C_LANGUAGE_STANDARD = gnu11;
				GCC_NO_COMMON_BLOCKS = YES;
				GCC_WARN_64_TO_32_BIT_CONVERSION = YES;
				GCC_WARN_ABOUT_RETURN_TYPE = YES_ERROR;
				GCC_WARN_UNDECLARED_SELECTOR = YES;
				GCC_WARN_UNINITIALIZED_AUTOS = YES_AGGRESSIVE;
				GCC_WARN_UNUSED_FUNCTION = YES;
				GCC_WARN_UNUSED_VARIABLE = YES;
				IPHONEOS_DEPLOYMENT_TARGET = 15.5;
				MTL_ENABLE_DEBUG_INFO = NO;
				MTL_FAST_MATH = YES;
				SDKROOT = iphoneos;
				SWIFT_COMPILATION_MODE = wholemodule;
				SWIFT_OPTIMIZATION_LEVEL = "-O";
				VALIDATE_PRODUCT = YES;
			};
			name = Release;
		};
		91487ED329FC380C009CFECF /* Debug */ = {
			isa = XCBuildConfiguration;
			buildSettings = {
				ASSETCATALOG_COMPILER_APPICON_NAME = AppIcon;
				ASSETCATALOG_COMPILER_GLOBAL_ACCENT_COLOR_NAME = AccentColor;
				CODE_SIGN_STYLE = Automatic;
				CURRENT_PROJECT_VERSION = 1;
				DEVELOPMENT_TEAM = D96A3BCL3R;
				EXCLUDED_ARCHS = "";
				GENERATE_INFOPLIST_FILE = YES;
				INFOPLIST_FILE = VelogOnMobile/Global/Config/Info.plist;
				INFOPLIST_KEY_UIApplicationSupportsIndirectInputEvents = YES;
				INFOPLIST_KEY_UILaunchStoryboardName = LaunchScreen;
				INFOPLIST_KEY_UISupportedInterfaceOrientations_iPad = "UIInterfaceOrientationPortrait UIInterfaceOrientationPortraitUpsideDown UIInterfaceOrientationLandscapeLeft UIInterfaceOrientationLandscapeRight";
				INFOPLIST_KEY_UISupportedInterfaceOrientations_iPhone = "UIInterfaceOrientationPortrait UIInterfaceOrientationLandscapeLeft UIInterfaceOrientationLandscapeRight";
				LD_RUNPATH_SEARCH_PATHS = (
					"$(inherited)",
					"@executable_path/Frameworks",
				);
				MARKETING_VERSION = 1.0;
				PRODUCT_BUNDLE_IDENTIFIER = com.JuneHyeokHong.VelogOnMobile;
				PRODUCT_NAME = "$(TARGET_NAME)";
				SWIFT_EMIT_LOC_STRINGS = YES;
				SWIFT_VERSION = 5.0;
				TARGETED_DEVICE_FAMILY = "1,2";
			};
			name = Debug;
		};
		91487ED429FC380C009CFECF /* Release */ = {
			isa = XCBuildConfiguration;
			buildSettings = {
				ASSETCATALOG_COMPILER_APPICON_NAME = AppIcon;
				ASSETCATALOG_COMPILER_GLOBAL_ACCENT_COLOR_NAME = AccentColor;
				CODE_SIGN_STYLE = Automatic;
				CURRENT_PROJECT_VERSION = 1;
				DEVELOPMENT_TEAM = D96A3BCL3R;
				GENERATE_INFOPLIST_FILE = YES;
				INFOPLIST_FILE = VelogOnMobile/Global/Config/Info.plist;
				INFOPLIST_KEY_UIApplicationSupportsIndirectInputEvents = YES;
				INFOPLIST_KEY_UILaunchStoryboardName = LaunchScreen;
				INFOPLIST_KEY_UISupportedInterfaceOrientations_iPad = "UIInterfaceOrientationPortrait UIInterfaceOrientationPortraitUpsideDown UIInterfaceOrientationLandscapeLeft UIInterfaceOrientationLandscapeRight";
				INFOPLIST_KEY_UISupportedInterfaceOrientations_iPhone = "UIInterfaceOrientationPortrait UIInterfaceOrientationLandscapeLeft UIInterfaceOrientationLandscapeRight";
				LD_RUNPATH_SEARCH_PATHS = (
					"$(inherited)",
					"@executable_path/Frameworks",
				);
				MARKETING_VERSION = 1.0;
				PRODUCT_BUNDLE_IDENTIFIER = com.JuneHyeokHong.VelogOnMobile;
				PRODUCT_NAME = "$(TARGET_NAME)";
				SWIFT_EMIT_LOC_STRINGS = YES;
				SWIFT_VERSION = 5.0;
				TARGETED_DEVICE_FAMILY = "1,2";
			};
			name = Release;
		};
/* End XCBuildConfiguration section */

/* Begin XCConfigurationList section */
		91487EB929FC380A009CFECF /* Build configuration list for PBXProject "VelogOnMobile" */ = {
			isa = XCConfigurationList;
			buildConfigurations = (
				91487ED029FC380C009CFECF /* Debug */,
				91487ED129FC380C009CFECF /* Release */,
			);
			defaultConfigurationIsVisible = 0;
			defaultConfigurationName = Release;
		};
		91487ED229FC380C009CFECF /* Build configuration list for PBXNativeTarget "VelogOnMobile" */ = {
			isa = XCConfigurationList;
			buildConfigurations = (
				91487ED329FC380C009CFECF /* Debug */,
				91487ED429FC380C009CFECF /* Release */,
			);
			defaultConfigurationIsVisible = 0;
			defaultConfigurationName = Release;
		};
/* End XCConfigurationList section */

/* Begin XCRemoteSwiftPackageReference section */
		91487ED529FC38CC009CFECF /* XCRemoteSwiftPackageReference "SnapKit" */ = {
			isa = XCRemoteSwiftPackageReference;
			repositoryURL = "https://github.com/SnapKit/SnapKit.git";
			requirement = {
				branch = develop;
				kind = branch;
			};
		};
		91487ED829FC3921009CFECF /* XCRemoteSwiftPackageReference "Moya" */ = {
			isa = XCRemoteSwiftPackageReference;
			repositoryURL = "https://github.com/Moya/Moya";
			requirement = {
				branch = master;
				kind = branch;
			};
		};
		91487F0C29FC4656009CFECF /* XCRemoteSwiftPackageReference "Kingfisher" */ = {
			isa = XCRemoteSwiftPackageReference;
			repositoryURL = "https://github.com/onevcat/Kingfisher.git";
			requirement = {
				branch = master;
				kind = branch;
			};
		};
		91487F2629FD0641009CFECF /* XCRemoteSwiftPackageReference "Tabman" */ = {
			isa = XCRemoteSwiftPackageReference;
			repositoryURL = "https://github.com/uias/Tabman";
			requirement = {
				branch = main;
				kind = branch;
			};
		};
		914D8DDA2A02B68200516B4C /* XCRemoteSwiftPackageReference "NVActivityIndicatorView" */ = {
			isa = XCRemoteSwiftPackageReference;
			repositoryURL = "https://github.com/ninjaprox/NVActivityIndicatorView";
			requirement = {
				branch = master;
				kind = branch;
			};
		};
		917BA34A2A050861000409B7 /* XCRemoteSwiftPackageReference "realm-swift" */ = {
			isa = XCRemoteSwiftPackageReference;
			repositoryURL = "https://github.com/realm/realm-swift.git";
			requirement = {
				branch = master;
				kind = branch;
			};
		};
		91E442A62A11031D008CB516 /* XCRemoteSwiftPackageReference "RxSwift" */ = {
			isa = XCRemoteSwiftPackageReference;
			repositoryURL = "https://github.com/ReactiveX/RxSwift";
			requirement = {
				kind = exactVersion;
				version = 6.5.0;
			};
		};
/* End XCRemoteSwiftPackageReference section */

/* Begin XCSwiftPackageProductDependency section */
		91487ED629FC38CC009CFECF /* SnapKit */ = {
			isa = XCSwiftPackageProductDependency;
			package = 91487ED529FC38CC009CFECF /* XCRemoteSwiftPackageReference "SnapKit" */;
			productName = SnapKit;
		};
		91487ED929FC3921009CFECF /* Moya */ = {
			isa = XCSwiftPackageProductDependency;
			package = 91487ED829FC3921009CFECF /* XCRemoteSwiftPackageReference "Moya" */;
			productName = Moya;
		};
		91487F0D29FC4656009CFECF /* Kingfisher */ = {
			isa = XCSwiftPackageProductDependency;
			package = 91487F0C29FC4656009CFECF /* XCRemoteSwiftPackageReference "Kingfisher" */;
			productName = Kingfisher;
		};
		91487F2729FD0641009CFECF /* Tabman */ = {
			isa = XCSwiftPackageProductDependency;
			package = 91487F2629FD0641009CFECF /* XCRemoteSwiftPackageReference "Tabman" */;
			productName = Tabman;
		};
		914D8DDB2A02B68200516B4C /* NVActivityIndicatorView */ = {
			isa = XCSwiftPackageProductDependency;
			package = 914D8DDA2A02B68200516B4C /* XCRemoteSwiftPackageReference "NVActivityIndicatorView" */;
			productName = NVActivityIndicatorView;
		};
		917BA34B2A050861000409B7 /* Realm */ = {
			isa = XCSwiftPackageProductDependency;
			package = 917BA34A2A050861000409B7 /* XCRemoteSwiftPackageReference "realm-swift" */;
			productName = Realm;
		};
		917BA34D2A050861000409B7 /* RealmSwift */ = {
			isa = XCSwiftPackageProductDependency;
			package = 917BA34A2A050861000409B7 /* XCRemoteSwiftPackageReference "realm-swift" */;
			productName = RealmSwift;
		};
		91E442A72A11031D008CB516 /* RxBlocking */ = {
			isa = XCSwiftPackageProductDependency;
			package = 91E442A62A11031D008CB516 /* XCRemoteSwiftPackageReference "RxSwift" */;
			productName = RxBlocking;
		};
		91E442A92A11031D008CB516 /* RxCocoa */ = {
			isa = XCSwiftPackageProductDependency;
			package = 91E442A62A11031D008CB516 /* XCRemoteSwiftPackageReference "RxSwift" */;
			productName = RxCocoa;
		};
		91E442AB2A11031D008CB516 /* RxRelay */ = {
			isa = XCSwiftPackageProductDependency;
			package = 91E442A62A11031D008CB516 /* XCRemoteSwiftPackageReference "RxSwift" */;
			productName = RxRelay;
		};
		91E442AD2A11031D008CB516 /* RxSwift */ = {
			isa = XCSwiftPackageProductDependency;
			package = 91E442A62A11031D008CB516 /* XCRemoteSwiftPackageReference "RxSwift" */;
			productName = RxSwift;
		};
/* End XCSwiftPackageProductDependency section */
	};
	rootObject = 91487EB629FC380A009CFECF /* Project object */;
}
